// !$*UTF8*$!
{
	archiveVersion = 1;
	classes = {
	};
	objectVersion = 46;
	objects = {

/* Begin PBXBuildFile section */
		19AA3FD3141AA55200BD421B /* UIKit.framework in Frameworks */ = {isa = PBXBuildFile; fileRef = 19AA3FD2141AA55200BD421B /* UIKit.framework */; };
		19AA3FD5141AA55200BD421B /* Foundation.framework in Frameworks */ = {isa = PBXBuildFile; fileRef = 19AA3FD4141AA55200BD421B /* Foundation.framework */; };
		19AA3FD7141AA55200BD421B /* CoreGraphics.framework in Frameworks */ = {isa = PBXBuildFile; fileRef = 19AA3FD6141AA55200BD421B /* CoreGraphics.framework */; };
		19AA3FD9141AA55200BD421B /* CoreData.framework in Frameworks */ = {isa = PBXBuildFile; fileRef = 19AA3FD8141AA55200BD421B /* CoreData.framework */; };
		19AA3FDF141AA55300BD421B /* InfoPlist.strings in Resources */ = {isa = PBXBuildFile; fileRef = 19AA3FDD141AA55300BD421B /* InfoPlist.strings */; };
		19AA3FE1141AA55300BD421B /* main.m in Sources */ = {isa = PBXBuildFile; fileRef = 19AA3FE0141AA55300BD421B /* main.m */; };
		19AA3FE5141AA55300BD421B /* AppDelegate.m in Sources */ = {isa = PBXBuildFile; fileRef = 19AA3FE4141AA55300BD421B /* AppDelegate.m */; };
		19AA3FE8141AA55300BD421B /* cellarworxCrushPad.xcdatamodeld in Sources */ = {isa = PBXBuildFile; fileRef = 19AA3FE6141AA55300BD421B /* cellarworxCrushPad.xcdatamodeld */; };
		19AA404E141AA5C000BD421B /* CCAsyncView.m in Sources */ = {isa = PBXBuildFile; fileRef = 19AA3FEF141AA5BF00BD421B /* CCAsyncView.m */; };
		19AA404F141AA5C000BD421B /* CCTankCapacityView.m in Sources */ = {isa = PBXBuildFile; fileRef = 19AA3FF1141AA5BF00BD421B /* CCTankCapacityView.m */; };
		19AA4050141AA5C000BD421B /* CCSCPForecastView.m in Sources */ = {isa = PBXBuildFile; fileRef = 19AA3FF3141AA5BF00BD421B /* CCSCPForecastView.m */; };
		19AA4051141AA5C000BD421B /* CCSortingTableScheduleController.m in Sources */ = {isa = PBXBuildFile; fileRef = 19AA3FF5141AA5BF00BD421B /* CCSortingTableScheduleController.m */; };
		19AA4052141AA5C000BD421B /* CCSortingTableScheduleController.xib in Resources */ = {isa = PBXBuildFile; fileRef = 19AA3FF6141AA5BF00BD421B /* CCSortingTableScheduleController.xib */; };
		19AA4053141AA5C000BD421B /* graphViewController.m in Sources */ = {isa = PBXBuildFile; fileRef = 19AA3FF8141AA5BF00BD421B /* graphViewController.m */; };
		19AA4054141AA5C000BD421B /* axisIndicator.m in Sources */ = {isa = PBXBuildFile; fileRef = 19AA3FFA141AA5BF00BD421B /* axisIndicator.m */; };
		19AA4055141AA5C000BD421B /* plotAttributes.m in Sources */ = {isa = PBXBuildFile; fileRef = 19AA3FFC141AA5BF00BD421B /* plotAttributes.m */; };
		19AA4056141AA5C000BD421B /* plotRange.m in Sources */ = {isa = PBXBuildFile; fileRef = 19AA3FFE141AA5BF00BD421B /* plotRange.m */; };
		19AA4057141AA5C000BD421B /* plotUtilities.m in Sources */ = {isa = PBXBuildFile; fileRef = 19AA4000141AA5BF00BD421B /* plotUtilities.m */; };
		19AA4058141AA5C000BD421B /* graphView.m in Sources */ = {isa = PBXBuildFile; fileRef = 19AA4002141AA5BF00BD421B /* graphView.m */; };
		19AA4059141AA5C000BD421B /* CCTankCapacityGraphController.m in Sources */ = {isa = PBXBuildFile; fileRef = 19AA4004141AA5BF00BD421B /* CCTankCapacityGraphController.m */; };
		19AA405A141AA5C000BD421B /* CCSortingActivityCellController.xib in Resources */ = {isa = PBXBuildFile; fileRef = 19AA4005141AA5BF00BD421B /* CCSortingActivityCellController.xib */; };
		19AA405B141AA5C000BD421B /* CCSortingActivityCellController.m in Sources */ = {isa = PBXBuildFile; fileRef = 19AA4006141AA5BF00BD421B /* CCSortingActivityCellController.m */; };
		19AA405C141AA5C000BD421B /* NumberPickerController.xib in Resources */ = {isa = PBXBuildFile; fileRef = 19AA4008141AA5BF00BD421B /* NumberPickerController.xib */; };
		19AA405D141AA5C000BD421B /* TankPickerController.xib in Resources */ = {isa = PBXBuildFile; fileRef = 19AA400A141AA5BF00BD421B /* TankPickerController.xib */; };
		19AA405E141AA5C000BD421B /* DatePickerController.xib in Resources */ = {isa = PBXBuildFile; fileRef = 19AA400B141AA5BF00BD421B /* DatePickerController.xib */; };
		19AA405F141AA5C000BD421B /* CCPinController.m in Sources */ = {isa = PBXBuildFile; fileRef = 19AA400C141AA5BF00BD421B /* CCPinController.m */; };
		19AA4060141AA5C000BD421B /* DescriptionCell.xib in Resources */ = {isa = PBXBuildFile; fileRef = 19AA400D141AA5BF00BD421B /* DescriptionCell.xib */; };
		19AA4061141AA5C000BD421B /* CCPinController.xib in Resources */ = {isa = PBXBuildFile; fileRef = 19AA400E141AA5BF00BD421B /* CCPinController.xib */; };
		19AA4062141AA5C000BD421B /* WOFieldsCell.xib in Resources */ = {isa = PBXBuildFile; fileRef = 19AA400F141AA5BF00BD421B /* WOFieldsCell.xib */; };
		19AA4063141AA5C000BD421B /* WOFieldsCell.m in Sources */ = {isa = PBXBuildFile; fileRef = 19AA4010141AA5BF00BD421B /* WOFieldsCell.m */; };
		19AA4064141AA5C000BD421B /* CCVineyardController.m in Sources */ = {isa = PBXBuildFile; fileRef = 19AA4012141AA5BF00BD421B /* CCVineyardController.m */; };
		19AA4065141AA5C000BD421B /* CCVineyardDetailController.m in Sources */ = {isa = PBXBuildFile; fileRef = 19AA4015141AA5BF00BD421B /* CCVineyardDetailController.m */; };
		19AA4066141AA5C000BD421B /* CCTankPickerController.m in Sources */ = {isa = PBXBuildFile; fileRef = 19AA4017141AA5BF00BD421B /* CCTankPickerController.m */; };
		19AA4067141AA5C000BD421B /* WTSummaryCellController.m in Sources */ = {isa = PBXBuildFile; fileRef = 19AA4019141AA5BF00BD421B /* WTSummaryCellController.m */; };
		19AA4068141AA5C000BD421B /* WTSummaryCell.xib in Resources */ = {isa = PBXBuildFile; fileRef = 19AA401A141AA5BF00BD421B /* WTSummaryCell.xib */; };
		19AA4069141AA5C000BD421B /* BinCell.m in Sources */ = {isa = PBXBuildFile; fileRef = 19AA401B141AA5BF00BD421B /* BinCell.m */; };
		19AA406A141AA5C000BD421B /* BinCell.xib in Resources */ = {isa = PBXBuildFile; fileRef = 19AA401C141AA5BF00BD421B /* BinCell.xib */; };
		19AA406B141AA5C000BD421B /* WeightController.m in Sources */ = {isa = PBXBuildFile; fileRef = 19AA401E141AA5BF00BD421B /* WeightController.m */; };
		19AA406C141AA5C000BD421B /* WeightController.xib in Resources */ = {isa = PBXBuildFile; fileRef = 19AA4020141AA5BF00BD421B /* WeightController.xib */; };
		19AA406D141AA5C000BD421B /* WeightMeasurementController.m in Sources */ = {isa = PBXBuildFile; fileRef = 19AA4021141AA5BF00BD421B /* WeightMeasurementController.m */; };
		19AA406E141AA5C000BD421B /* WeightMeasurementController.xib in Resources */ = {isa = PBXBuildFile; fileRef = 19AA4023141AA5BF00BD421B /* WeightMeasurementController.xib */; };
		19AA406F141AA5C000BD421B /* CCWTPickerCell.xib in Resources */ = {isa = PBXBuildFile; fileRef = 19AA4024141AA5BF00BD421B /* CCWTPickerCell.xib */; };
		19AA4070141AA5C000BD421B /* CCWTPickerCell.m in Sources */ = {isa = PBXBuildFile; fileRef = 19AA4026141AA5BF00BD421B /* CCWTPickerCell.m */; };
		19AA4071141AA5C000BD421B /* CCTankListController.m in Sources */ = {isa = PBXBuildFile; fileRef = 19AA4028141AA5BF00BD421B /* CCTankListController.m */; };
		19AA4072141AA5C000BD421B /* CCBinController.m in Sources */ = {isa = PBXBuildFile; fileRef = 19AA402A141AA5BF00BD421B /* CCBinController.m */; };
		19AA4073141AA5C000BD421B /* DescriptionCell.m in Sources */ = {isa = PBXBuildFile; fileRef = 19AA402C141AA5BF00BD421B /* DescriptionCell.m */; };
		19AA4074141AA5C000BD421B /* CCWeighTagPickerCell.m in Sources */ = {isa = PBXBuildFile; fileRef = 19AA402E141AA5BF00BD421B /* CCWeighTagPickerCell.m */; };
		19AA4075141AA5C000BD421B /* CCVineyardListController.m in Sources */ = {isa = PBXBuildFile; fileRef = 19AA4030141AA5BF00BD421B /* CCVineyardListController.m */; };
		19AA4076141AA5C000BD421B /* WOPickerController.m in Sources */ = {isa = PBXBuildFile; fileRef = 19AA4032141AA5BF00BD421B /* WOPickerController.m */; };
		19AA4077141AA5C000BD421B /* CCSCPColorPickerController.m in Sources */ = {isa = PBXBuildFile; fileRef = 19AA4034141AA5BF00BD421B /* CCSCPColorPickerController.m */; };
		19AA4078141AA5C000BD421B /* CCSCPColorPickerController.xib in Resources */ = {isa = PBXBuildFile; fileRef = 19AA4035141AA5BF00BD421B /* CCSCPColorPickerController.xib */; };
		19AA4079141AA5C000BD421B /* NumberPickerController.m in Sources */ = {isa = PBXBuildFile; fileRef = 19AA4037141AA5BF00BD421B /* NumberPickerController.m */; };
		19AA407A141AA5C000BD421B /* DatePickerController.m in Sources */ = {isa = PBXBuildFile; fileRef = 19AA4039141AA5BF00BD421B /* DatePickerController.m */; };
		19AA407B141AA5C000BD421B /* ChecklistController.m in Sources */ = {isa = PBXBuildFile; fileRef = 19AA403B141AA5BF00BD421B /* ChecklistController.m */; };
		19AA407C141AA5C000BD421B /* TextFieldController.m in Sources */ = {isa = PBXBuildFile; fileRef = 19AA403D141AA5BF00BD421B /* TextFieldController.m */; };
		19AA407D141AA5C000BD421B /* DescriptionController.m in Sources */ = {isa = PBXBuildFile; fileRef = 19AA403F141AA5BF00BD421B /* DescriptionController.m */; };
		19AA407E141AA5C000BD421B /* CCSCPController.m in Sources */ = {isa = PBXBuildFile; fileRef = 19AA4041141AA5BF00BD421B /* CCSCPController.m */; };
		19AA407F141AA5C000BD421B /* WOSummaryCell.m in Sources */ = {isa = PBXBuildFile; fileRef = 19AA4043141AA5BF00BD421B /* WOSummaryCell.m */; };
		19AA4080141AA5C000BD421B /* WOSummaryCell.xib in Resources */ = {isa = PBXBuildFile; fileRef = 19AA4044141AA5BF00BD421B /* WOSummaryCell.xib */; };
		19AA4081141AA5C000BD421B /* CCVesselDetailSortingLineCell.m in Sources */ = {isa = PBXBuildFile; fileRef = 19AA4046141AA5BF00BD421B /* CCVesselDetailSortingLineCell.m */; };
		19AA4082141AA5C000BD421B /* CCVesselDetailSortingLineCell.xib in Resources */ = {isa = PBXBuildFile; fileRef = 19AA4047141AA5BF00BD421B /* CCVesselDetailSortingLineCell.xib */; };
		19AA4083141AA5C000BD421B /* CCTankLoadingController.m in Sources */ = {isa = PBXBuildFile; fileRef = 19AA4049141AA5BF00BD421B /* CCTankLoadingController.m */; };
		19AA4084141AA5C000BD421B /* CCTankLoadingController.xib in Resources */ = {isa = PBXBuildFile; fileRef = 19AA404A141AA5BF00BD421B /* CCTankLoadingController.xib */; };
		19AA4085141AA5C000BD421B /* CCVesselListSortingLineController.m in Sources */ = {isa = PBXBuildFile; fileRef = 19AA404C141AA5BF00BD421B /* CCVesselListSortingLineController.m */; };
		19AA4086141AA5C000BD421B /* CCVesselListSortingLineController.xib in Resources */ = {isa = PBXBuildFile; fileRef = 19AA404D141AA5BF00BD421B /* CCVesselListSortingLineController.xib */; };
		19AA40BB141AA5E800BD421B /* CCSortingTable.m in Sources */ = {isa = PBXBuildFile; fileRef = 19AA4088141AA5E800BD421B /* CCSortingTable.m */; };
		19AA40BC141AA5E800BD421B /* CCSortingTableActivity.m in Sources */ = {isa = PBXBuildFile; fileRef = 19AA408A141AA5E800BD421B /* CCSortingTableActivity.m */; };
		19AA40BD141AA5E800BD421B /* CCClient.m in Sources */ = {isa = PBXBuildFile; fileRef = 19AA408C141AA5E800BD421B /* CCClient.m */; };
		19AA40BE141AA5E800BD421B /* CCAssetReservation.m in Sources */ = {isa = PBXBuildFile; fileRef = 19AA408E141AA5E800BD421B /* CCAssetReservation.m */; };
		19AA40BF141AA5E800BD421B /* CCTask.m in Sources */ = {isa = PBXBuildFile; fileRef = 19AA4090141AA5E800BD421B /* CCTask.m */; };
		19AA40C0141AA5E800BD421B /* CCBOL.m in Sources */ = {isa = PBXBuildFile; fileRef = 19AA4092141AA5E800BD421B /* CCBOL.m */; };
		19AA40C1141AA5E800BD421B /* CCSCP.m in Sources */ = {isa = PBXBuildFile; fileRef = 19AA4094141AA5E800BD421B /* CCSCP.m */; };
		19AA40C2141AA5E800BD421B /* CCWeight.m in Sources */ = {isa = PBXBuildFile; fileRef = 19AA4096141AA5E800BD421B /* CCWeight.m */; };
		19AA40C3141AA5E800BD421B /* CCDatabaseObject.m in Sources */ = {isa = PBXBuildFile; fileRef = 19AA4098141AA5E800BD421B /* CCDatabaseObject.m */; };
		19AA40C4141AA5E800BD421B /* CCActivity.m in Sources */ = {isa = PBXBuildFile; fileRef = 19AA409A141AA5E800BD421B /* CCActivity.m */; };
		19AA40C5141AA5E800BD421B /* CCWorkOrder.m in Sources */ = {isa = PBXBuildFile; fileRef = 19AA409C141AA5E800BD421B /* CCWorkOrder.m */; };
		19AA40C6141AA5E800BD421B /* CCBOLItem.m in Sources */ = {isa = PBXBuildFile; fileRef = 19AA409E141AA5E800BD421B /* CCBOLItem.m */; };
		19AA40C7141AA5E800BD421B /* CCWT.m in Sources */ = {isa = PBXBuildFile; fileRef = 19AA40A0141AA5E800BD421B /* CCWT.m */; };
		19AA40C8141AA5E800BD421B /* CCLot.m in Sources */ = {isa = PBXBuildFile; fileRef = 19AA40A2141AA5E800BD421B /* CCLot.m */; };
		19AA40C9141AA5E800BD421B /* CCFacility.m in Sources */ = {isa = PBXBuildFile; fileRef = 19AA40A4141AA5E800BD421B /* CCFacility.m */; };
		19AA40CA141AA5E800BD421B /* CCTest.m in Sources */ = {isa = PBXBuildFile; fileRef = 19AA40A6141AA5E800BD421B /* CCTest.m */; };
		19AA40CB141AA5E800BD421B /* CCLabTest.m in Sources */ = {isa = PBXBuildFile; fileRef = 19AA40A8141AA5E800BD421B /* CCLabTest.m */; };
		19AA40CC141AA5E800BD421B /* CCBlend.m in Sources */ = {isa = PBXBuildFile; fileRef = 19AA40AA141AA5E800BD421B /* CCBlend.m */; };
		19AA40CD141AA5E800BD421B /* CCAsset.m in Sources */ = {isa = PBXBuildFile; fileRef = 19AA40AC141AA5E800BD421B /* CCAsset.m */; };
		19AA40CE141AA5E800BD421B /* CCVintage.m in Sources */ = {isa = PBXBuildFile; fileRef = 19AA40AE141AA5E800BD421B /* CCVintage.m */; };
		19AA40CF141AA5E800BD421B /* CCStructure.m in Sources */ = {isa = PBXBuildFile; fileRef = 19AA40B0141AA5E800BD421B /* CCStructure.m */; };
		19AA40D0141AA5E800BD421B /* CCValidLabTests.m in Sources */ = {isa = PBXBuildFile; fileRef = 19AA40B2141AA5E800BD421B /* CCValidLabTests.m */; };
		19AA40D1141AA5E800BD421B /* CCFermProtocol.m in Sources */ = {isa = PBXBuildFile; fileRef = 19AA40B4141AA5E800BD421B /* CCFermProtocol.m */; };
		19AA40D2141AA5E800BD421B /* CCVineyard.m in Sources */ = {isa = PBXBuildFile; fileRef = 19AA40B6141AA5E800BD421B /* CCVineyard.m */; };
		19AA40D3141AA5E800BD421B /* CCWineStructure.m in Sources */ = {isa = PBXBuildFile; fileRef = 19AA40B8141AA5E800BD421B /* CCWineStructure.m */; };
		19AA40D4141AA5E800BD421B /* testLeaks.m in Sources */ = {isa = PBXBuildFile; fileRef = 19AA40BA141AA5E800BD421B /* testLeaks.m */; };
		19AA40DA141AA6C800BD421B /* CrushHelper.m in Sources */ = {isa = PBXBuildFile; fileRef = 19AA40D7141AA6C800BD421B /* CrushHelper.m */; };
		19AA40DB141AA6C800BD421B /* CCIcons.m in Sources */ = {isa = PBXBuildFile; fileRef = 19AA40D9141AA6C800BD421B /* CCIcons.m */; };
		19AA40EA141AA6EE00BD421B /* NSObject+SBJSON.m in Sources */ = {isa = PBXBuildFile; fileRef = 19AA40DF141AA6EE00BD421B /* NSObject+SBJSON.m */; };
		19AA40EB141AA6EE00BD421B /* NSString+SBJSON.m in Sources */ = {isa = PBXBuildFile; fileRef = 19AA40E1141AA6EE00BD421B /* NSString+SBJSON.m */; };
		19AA40EC141AA6EE00BD421B /* SBJSON.m in Sources */ = {isa = PBXBuildFile; fileRef = 19AA40E3141AA6EE00BD421B /* SBJSON.m */; };
		19AA40ED141AA6EE00BD421B /* SBJsonBase.m in Sources */ = {isa = PBXBuildFile; fileRef = 19AA40E5141AA6EE00BD421B /* SBJsonBase.m */; };
		19AA40EE141AA6EE00BD421B /* SBJsonParser.m in Sources */ = {isa = PBXBuildFile; fileRef = 19AA40E7141AA6EE00BD421B /* SBJsonParser.m */; };
		19AA40EF141AA6EE00BD421B /* SBJsonWriter.m in Sources */ = {isa = PBXBuildFile; fileRef = 19AA40E9141AA6EE00BD421B /* SBJsonWriter.m */; };
		19AA40F3141AA79300BD421B /* cellarworxAppDelegate.m in Sources */ = {isa = PBXBuildFile; fileRef = 19AA40F2141AA79300BD421B /* cellarworxAppDelegate.m */; };
		19AA40F8141AA81B00BD421B /* RootViewController.m in Sources */ = {isa = PBXBuildFile; fileRef = 19AA40F5141AA81B00BD421B /* RootViewController.m */; };
		19AA40F9141AA81B00BD421B /* DetailViewController.m in Sources */ = {isa = PBXBuildFile; fileRef = 19AA40F7141AA81B00BD421B /* DetailViewController.m */; };
		19AA40FB141AA8A700BD421B /* MapKit.framework in Frameworks */ = {isa = PBXBuildFile; fileRef = 19AA40FA141AA8A700BD421B /* MapKit.framework */; };
		19AA410A141AA93C00BD421B /* CC702.m in Sources */ = {isa = PBXBuildFile; fileRef = 19AA40FD141AA93A00BD421B /* CC702.m */; };
		19AA410B141AA93C00BD421B /* CC702Event.m in Sources */ = {isa = PBXBuildFile; fileRef = 19AA40FF141AA93A00BD421B /* CC702Event.m */; };
		19AA410C141AA93C00BD421B /* CC702Section.m in Sources */ = {isa = PBXBuildFile; fileRef = 19AA4101141AA93A00BD421B /* CC702Section.m */; };
		19AA410D141AA93C00BD421B /* CC702SectionJuice.m in Sources */ = {isa = PBXBuildFile; fileRef = 19AA4103141AA93B00BD421B /* CC702SectionJuice.m */; };
		19AA410E141AA93C00BD421B /* CC702SectionBulk.m in Sources */ = {isa = PBXBuildFile; fileRef = 19AA4105141AA93B00BD421B /* CC702SectionBulk.m */; };
		19AA410F141AA93C00BD421B /* CC702SectionBottled.m in Sources */ = {isa = PBXBuildFile; fileRef = 19AA4107141AA93C00BD421B /* CC702SectionBottled.m */; };
		19AA4110141AA93C00BD421B /* CC702Rollup.m in Sources */ = {isa = PBXBuildFile; fileRef = 19AA4109141AA93C00BD421B /* CC702Rollup.m */; };
/* End PBXBuildFile section */

/* Begin PBXFileReference section */
		19AA3FCE141AA55200BD421B /* cellarworxCrushPad.app */ = {isa = PBXFileReference; explicitFileType = wrapper.application; includeInIndex = 0; path = cellarworxCrushPad.app; sourceTree = BUILT_PRODUCTS_DIR; };
		19AA3FD2141AA55200BD421B /* UIKit.framework */ = {isa = PBXFileReference; lastKnownFileType = wrapper.framework; name = UIKit.framework; path = System/Library/Frameworks/UIKit.framework; sourceTree = SDKROOT; };
		19AA3FD4141AA55200BD421B /* Foundation.framework */ = {isa = PBXFileReference; lastKnownFileType = wrapper.framework; name = Foundation.framework; path = System/Library/Frameworks/Foundation.framework; sourceTree = SDKROOT; };
		19AA3FD6141AA55200BD421B /* CoreGraphics.framework */ = {isa = PBXFileReference; lastKnownFileType = wrapper.framework; name = CoreGraphics.framework; path = System/Library/Frameworks/CoreGraphics.framework; sourceTree = SDKROOT; };
		19AA3FD8141AA55200BD421B /* CoreData.framework */ = {isa = PBXFileReference; lastKnownFileType = wrapper.framework; name = CoreData.framework; path = System/Library/Frameworks/CoreData.framework; sourceTree = SDKROOT; };
		19AA3FDC141AA55300BD421B /* cellarworxCrushPad-Info.plist */ = {isa = PBXFileReference; lastKnownFileType = text.plist.xml; path = "cellarworxCrushPad-Info.plist"; sourceTree = "<group>"; };
		19AA3FDE141AA55300BD421B /* en */ = {isa = PBXFileReference; lastKnownFileType = text.plist.strings; name = en; path = en.lproj/InfoPlist.strings; sourceTree = "<group>"; };
		19AA3FE0141AA55300BD421B /* main.m */ = {isa = PBXFileReference; lastKnownFileType = sourcecode.c.objc; path = main.m; sourceTree = "<group>"; };
		19AA3FE2141AA55300BD421B /* cellarworxCrushPad-Prefix.pch */ = {isa = PBXFileReference; lastKnownFileType = sourcecode.c.h; path = "cellarworxCrushPad-Prefix.pch"; sourceTree = "<group>"; };
		19AA3FE3141AA55300BD421B /* AppDelegate.h */ = {isa = PBXFileReference; lastKnownFileType = sourcecode.c.h; path = AppDelegate.h; sourceTree = "<group>"; };
		19AA3FE4141AA55300BD421B /* AppDelegate.m */ = {isa = PBXFileReference; lastKnownFileType = sourcecode.c.objc; path = AppDelegate.m; sourceTree = "<group>"; };
		19AA3FE7141AA55300BD421B /* cellarworxCrushPad.xcdatamodel */ = {isa = PBXFileReference; lastKnownFileType = wrapper.xcdatamodel; path = cellarworxCrushPad.xcdatamodel; sourceTree = "<group>"; };
		19AA3FEE141AA5BF00BD421B /* CCAsyncView.h */ = {isa = PBXFileReference; fileEncoding = 4; lastKnownFileType = sourcecode.c.h; path = CCAsyncView.h; sourceTree = "<group>"; };
		19AA3FEF141AA5BF00BD421B /* CCAsyncView.m */ = {isa = PBXFileReference; fileEncoding = 4; lastKnownFileType = sourcecode.c.objc; path = CCAsyncView.m; sourceTree = "<group>"; };
		19AA3FF0141AA5BF00BD421B /* CCTankCapacityView.h */ = {isa = PBXFileReference; fileEncoding = 4; lastKnownFileType = sourcecode.c.h; path = CCTankCapacityView.h; sourceTree = "<group>"; };
		19AA3FF1141AA5BF00BD421B /* CCTankCapacityView.m */ = {isa = PBXFileReference; fileEncoding = 4; lastKnownFileType = sourcecode.c.objc; path = CCTankCapacityView.m; sourceTree = "<group>"; };
		19AA3FF2141AA5BF00BD421B /* CCSCPForecastView.h */ = {isa = PBXFileReference; fileEncoding = 4; lastKnownFileType = sourcecode.c.h; path = CCSCPForecastView.h; sourceTree = "<group>"; };
		19AA3FF3141AA5BF00BD421B /* CCSCPForecastView.m */ = {isa = PBXFileReference; fileEncoding = 4; lastKnownFileType = sourcecode.c.objc; path = CCSCPForecastView.m; sourceTree = "<group>"; };
		19AA3FF4141AA5BF00BD421B /* CCSortingTableScheduleController.h */ = {isa = PBXFileReference; fileEncoding = 4; lastKnownFileType = sourcecode.c.h; path = CCSortingTableScheduleController.h; sourceTree = "<group>"; };
		19AA3FF5141AA5BF00BD421B /* CCSortingTableScheduleController.m */ = {isa = PBXFileReference; fileEncoding = 4; lastKnownFileType = sourcecode.c.objc; path = CCSortingTableScheduleController.m; sourceTree = "<group>"; };
		19AA3FF6141AA5BF00BD421B /* CCSortingTableScheduleController.xib */ = {isa = PBXFileReference; fileEncoding = 4; lastKnownFileType = file.xib; path = CCSortingTableScheduleController.xib; sourceTree = "<group>"; };
		19AA3FF7141AA5BF00BD421B /* graphViewController.h */ = {isa = PBXFileReference; fileEncoding = 4; lastKnownFileType = sourcecode.c.h; path = graphViewController.h; sourceTree = "<group>"; };
		19AA3FF8141AA5BF00BD421B /* graphViewController.m */ = {isa = PBXFileReference; fileEncoding = 4; lastKnownFileType = sourcecode.c.objc; path = graphViewController.m; sourceTree = "<group>"; };
		19AA3FF9141AA5BF00BD421B /* axisIndicator.h */ = {isa = PBXFileReference; fileEncoding = 4; lastKnownFileType = sourcecode.c.h; path = axisIndicator.h; sourceTree = "<group>"; };
		19AA3FFA141AA5BF00BD421B /* axisIndicator.m */ = {isa = PBXFileReference; fileEncoding = 4; lastKnownFileType = sourcecode.c.objc; path = axisIndicator.m; sourceTree = "<group>"; };
		19AA3FFB141AA5BF00BD421B /* plotAttributes.h */ = {isa = PBXFileReference; fileEncoding = 4; lastKnownFileType = sourcecode.c.h; path = plotAttributes.h; sourceTree = "<group>"; };
		19AA3FFC141AA5BF00BD421B /* plotAttributes.m */ = {isa = PBXFileReference; fileEncoding = 4; lastKnownFileType = sourcecode.c.objc; path = plotAttributes.m; sourceTree = "<group>"; };
		19AA3FFD141AA5BF00BD421B /* plotRange.h */ = {isa = PBXFileReference; fileEncoding = 4; lastKnownFileType = sourcecode.c.h; path = plotRange.h; sourceTree = "<group>"; };
		19AA3FFE141AA5BF00BD421B /* plotRange.m */ = {isa = PBXFileReference; fileEncoding = 4; lastKnownFileType = sourcecode.c.objc; path = plotRange.m; sourceTree = "<group>"; };
		19AA3FFF141AA5BF00BD421B /* plotUtilities.h */ = {isa = PBXFileReference; fileEncoding = 4; lastKnownFileType = sourcecode.c.h; path = plotUtilities.h; sourceTree = "<group>"; };
		19AA4000141AA5BF00BD421B /* plotUtilities.m */ = {isa = PBXFileReference; fileEncoding = 4; lastKnownFileType = sourcecode.c.objc; path = plotUtilities.m; sourceTree = "<group>"; };
		19AA4001141AA5BF00BD421B /* graphView.h */ = {isa = PBXFileReference; fileEncoding = 4; lastKnownFileType = sourcecode.c.h; path = graphView.h; sourceTree = "<group>"; };
		19AA4002141AA5BF00BD421B /* graphView.m */ = {isa = PBXFileReference; fileEncoding = 4; lastKnownFileType = sourcecode.c.objc; path = graphView.m; sourceTree = "<group>"; };
		19AA4003141AA5BF00BD421B /* CCTankCapacityGraphController.h */ = {isa = PBXFileReference; fileEncoding = 4; lastKnownFileType = sourcecode.c.h; path = CCTankCapacityGraphController.h; sourceTree = "<group>"; };
		19AA4004141AA5BF00BD421B /* CCTankCapacityGraphController.m */ = {isa = PBXFileReference; fileEncoding = 4; lastKnownFileType = sourcecode.c.objc; path = CCTankCapacityGraphController.m; sourceTree = "<group>"; };
		19AA4005141AA5BF00BD421B /* CCSortingActivityCellController.xib */ = {isa = PBXFileReference; fileEncoding = 4; lastKnownFileType = file.xib; path = CCSortingActivityCellController.xib; sourceTree = "<group>"; };
		19AA4006141AA5BF00BD421B /* CCSortingActivityCellController.m */ = {isa = PBXFileReference; fileEncoding = 4; lastKnownFileType = sourcecode.c.objc; path = CCSortingActivityCellController.m; sourceTree = "<group>"; };
		19AA4007141AA5BF00BD421B /* CCSortingActivityCellController.h */ = {isa = PBXFileReference; fileEncoding = 4; lastKnownFileType = sourcecode.c.h; path = CCSortingActivityCellController.h; sourceTree = "<group>"; };
		19AA4008141AA5BF00BD421B /* NumberPickerController.xib */ = {isa = PBXFileReference; fileEncoding = 4; lastKnownFileType = file.xib; path = NumberPickerController.xib; sourceTree = "<group>"; };
		19AA4009141AA5BF00BD421B /* CCPinController.h */ = {isa = PBXFileReference; fileEncoding = 4; lastKnownFileType = sourcecode.c.h; path = CCPinController.h; sourceTree = "<group>"; };
		19AA400A141AA5BF00BD421B /* TankPickerController.xib */ = {isa = PBXFileReference; fileEncoding = 4; lastKnownFileType = file.xib; path = TankPickerController.xib; sourceTree = "<group>"; };
		19AA400B141AA5BF00BD421B /* DatePickerController.xib */ = {isa = PBXFileReference; fileEncoding = 4; lastKnownFileType = file.xib; path = DatePickerController.xib; sourceTree = "<group>"; };
		19AA400C141AA5BF00BD421B /* CCPinController.m */ = {isa = PBXFileReference; fileEncoding = 4; lastKnownFileType = sourcecode.c.objc; path = CCPinController.m; sourceTree = "<group>"; };
		19AA400D141AA5BF00BD421B /* DescriptionCell.xib */ = {isa = PBXFileReference; fileEncoding = 4; lastKnownFileType = file.xib; path = DescriptionCell.xib; sourceTree = "<group>"; };
		19AA400E141AA5BF00BD421B /* CCPinController.xib */ = {isa = PBXFileReference; fileEncoding = 4; lastKnownFileType = file.xib; path = CCPinController.xib; sourceTree = "<group>"; };
		19AA400F141AA5BF00BD421B /* WOFieldsCell.xib */ = {isa = PBXFileReference; fileEncoding = 4; lastKnownFileType = file.xib; path = WOFieldsCell.xib; sourceTree = "<group>"; };
		19AA4010141AA5BF00BD421B /* WOFieldsCell.m */ = {isa = PBXFileReference; fileEncoding = 4; lastKnownFileType = sourcecode.c.objc; path = WOFieldsCell.m; sourceTree = "<group>"; };
		19AA4011141AA5BF00BD421B /* WOFieldsCell.h */ = {isa = PBXFileReference; fileEncoding = 4; lastKnownFileType = sourcecode.c.h; path = WOFieldsCell.h; sourceTree = "<group>"; };
		19AA4012141AA5BF00BD421B /* CCVineyardController.m */ = {isa = PBXFileReference; fileEncoding = 4; lastKnownFileType = sourcecode.c.objc; path = CCVineyardController.m; sourceTree = "<group>"; };
		19AA4013141AA5BF00BD421B /* CCVineyardController.h */ = {isa = PBXFileReference; fileEncoding = 4; lastKnownFileType = sourcecode.c.h; path = CCVineyardController.h; sourceTree = "<group>"; };
		19AA4014141AA5BF00BD421B /* CCVineyardDetailController.h */ = {isa = PBXFileReference; fileEncoding = 4; lastKnownFileType = sourcecode.c.h; path = CCVineyardDetailController.h; sourceTree = "<group>"; };
		19AA4015141AA5BF00BD421B /* CCVineyardDetailController.m */ = {isa = PBXFileReference; fileEncoding = 4; lastKnownFileType = sourcecode.c.objc; path = CCVineyardDetailController.m; sourceTree = "<group>"; };
		19AA4016141AA5BF00BD421B /* CCTankPickerController.h */ = {isa = PBXFileReference; fileEncoding = 4; lastKnownFileType = sourcecode.c.h; path = CCTankPickerController.h; sourceTree = "<group>"; };
		19AA4017141AA5BF00BD421B /* CCTankPickerController.m */ = {isa = PBXFileReference; fileEncoding = 4; lastKnownFileType = sourcecode.c.objc; path = CCTankPickerController.m; sourceTree = "<group>"; };
		19AA4018141AA5BF00BD421B /* WTSummaryCellController.h */ = {isa = PBXFileReference; fileEncoding = 4; lastKnownFileType = sourcecode.c.h; path = WTSummaryCellController.h; sourceTree = "<group>"; };
		19AA4019141AA5BF00BD421B /* WTSummaryCellController.m */ = {isa = PBXFileReference; fileEncoding = 4; lastKnownFileType = sourcecode.c.objc; path = WTSummaryCellController.m; sourceTree = "<group>"; };
		19AA401A141AA5BF00BD421B /* WTSummaryCell.xib */ = {isa = PBXFileReference; fileEncoding = 4; lastKnownFileType = file.xib; path = WTSummaryCell.xib; sourceTree = "<group>"; };
		19AA401B141AA5BF00BD421B /* BinCell.m */ = {isa = PBXFileReference; fileEncoding = 4; lastKnownFileType = sourcecode.c.objc; path = BinCell.m; sourceTree = "<group>"; };
		19AA401C141AA5BF00BD421B /* BinCell.xib */ = {isa = PBXFileReference; fileEncoding = 4; lastKnownFileType = file.xib; path = BinCell.xib; sourceTree = "<group>"; };
		19AA401D141AA5BF00BD421B /* BinCell.h */ = {isa = PBXFileReference; fileEncoding = 4; lastKnownFileType = sourcecode.c.h; path = BinCell.h; sourceTree = "<group>"; };
		19AA401E141AA5BF00BD421B /* WeightController.m */ = {isa = PBXFileReference; fileEncoding = 4; lastKnownFileType = sourcecode.c.objc; path = WeightController.m; sourceTree = "<group>"; };
		19AA401F141AA5BF00BD421B /* WeightController.h */ = {isa = PBXFileReference; fileEncoding = 4; lastKnownFileType = sourcecode.c.h; path = WeightController.h; sourceTree = "<group>"; };
		19AA4020141AA5BF00BD421B /* WeightController.xib */ = {isa = PBXFileReference; fileEncoding = 4; lastKnownFileType = file.xib; path = WeightController.xib; sourceTree = "<group>"; };
		19AA4021141AA5BF00BD421B /* WeightMeasurementController.m */ = {isa = PBXFileReference; fileEncoding = 4; lastKnownFileType = sourcecode.c.objc; path = WeightMeasurementController.m; sourceTree = "<group>"; };
		19AA4022141AA5BF00BD421B /* WeightMeasurementController.h */ = {isa = PBXFileReference; fileEncoding = 4; lastKnownFileType = sourcecode.c.h; path = WeightMeasurementController.h; sourceTree = "<group>"; };
		19AA4023141AA5BF00BD421B /* WeightMeasurementController.xib */ = {isa = PBXFileReference; fileEncoding = 4; lastKnownFileType = file.xib; path = WeightMeasurementController.xib; sourceTree = "<group>"; };
		19AA4024141AA5BF00BD421B /* CCWTPickerCell.xib */ = {isa = PBXFileReference; fileEncoding = 4; lastKnownFileType = file.xib; path = CCWTPickerCell.xib; sourceTree = "<group>"; };
		19AA4025141AA5BF00BD421B /* CCWTPickerCell.h */ = {isa = PBXFileReference; fileEncoding = 4; lastKnownFileType = sourcecode.c.h; path = CCWTPickerCell.h; sourceTree = "<group>"; };
		19AA4026141AA5BF00BD421B /* CCWTPickerCell.m */ = {isa = PBXFileReference; fileEncoding = 4; lastKnownFileType = sourcecode.c.objc; path = CCWTPickerCell.m; sourceTree = "<group>"; };
		19AA4027141AA5BF00BD421B /* CCTankListController.h */ = {isa = PBXFileReference; fileEncoding = 4; lastKnownFileType = sourcecode.c.h; path = CCTankListController.h; sourceTree = "<group>"; };
		19AA4028141AA5BF00BD421B /* CCTankListController.m */ = {isa = PBXFileReference; fileEncoding = 4; lastKnownFileType = sourcecode.c.objc; path = CCTankListController.m; sourceTree = "<group>"; };
		19AA4029141AA5BF00BD421B /* CCBinController.h */ = {isa = PBXFileReference; fileEncoding = 4; lastKnownFileType = sourcecode.c.h; path = CCBinController.h; sourceTree = "<group>"; };
		19AA402A141AA5BF00BD421B /* CCBinController.m */ = {isa = PBXFileReference; fileEncoding = 4; lastKnownFileType = sourcecode.c.objc; path = CCBinController.m; sourceTree = "<group>"; };
		19AA402B141AA5BF00BD421B /* DescriptionCell.h */ = {isa = PBXFileReference; fileEncoding = 4; lastKnownFileType = sourcecode.c.h; path = DescriptionCell.h; sourceTree = "<group>"; };
		19AA402C141AA5BF00BD421B /* DescriptionCell.m */ = {isa = PBXFileReference; fileEncoding = 4; lastKnownFileType = sourcecode.c.objc; path = DescriptionCell.m; sourceTree = "<group>"; };
		19AA402D141AA5BF00BD421B /* CCWeighTagPickerCell.h */ = {isa = PBXFileReference; fileEncoding = 4; lastKnownFileType = sourcecode.c.h; path = CCWeighTagPickerCell.h; sourceTree = "<group>"; };
		19AA402E141AA5BF00BD421B /* CCWeighTagPickerCell.m */ = {isa = PBXFileReference; fileEncoding = 4; lastKnownFileType = sourcecode.c.objc; path = CCWeighTagPickerCell.m; sourceTree = "<group>"; };
		19AA402F141AA5BF00BD421B /* CCVineyardListController.h */ = {isa = PBXFileReference; fileEncoding = 4; lastKnownFileType = sourcecode.c.h; path = CCVineyardListController.h; sourceTree = "<group>"; };
		19AA4030141AA5BF00BD421B /* CCVineyardListController.m */ = {isa = PBXFileReference; fileEncoding = 4; lastKnownFileType = sourcecode.c.objc; path = CCVineyardListController.m; sourceTree = "<group>"; };
		19AA4031141AA5BF00BD421B /* WOPickerController.h */ = {isa = PBXFileReference; fileEncoding = 4; lastKnownFileType = sourcecode.c.h; path = WOPickerController.h; sourceTree = "<group>"; };
		19AA4032141AA5BF00BD421B /* WOPickerController.m */ = {isa = PBXFileReference; fileEncoding = 4; lastKnownFileType = sourcecode.c.objc; path = WOPickerController.m; sourceTree = "<group>"; };
		19AA4033141AA5BF00BD421B /* CCSCPColorPickerController.h */ = {isa = PBXFileReference; fileEncoding = 4; lastKnownFileType = sourcecode.c.h; path = CCSCPColorPickerController.h; sourceTree = "<group>"; };
		19AA4034141AA5BF00BD421B /* CCSCPColorPickerController.m */ = {isa = PBXFileReference; fileEncoding = 4; lastKnownFileType = sourcecode.c.objc; path = CCSCPColorPickerController.m; sourceTree = "<group>"; };
		19AA4035141AA5BF00BD421B /* CCSCPColorPickerController.xib */ = {isa = PBXFileReference; fileEncoding = 4; lastKnownFileType = file.xib; path = CCSCPColorPickerController.xib; sourceTree = "<group>"; };
		19AA4036141AA5BF00BD421B /* NumberPickerController.h */ = {isa = PBXFileReference; fileEncoding = 4; lastKnownFileType = sourcecode.c.h; path = NumberPickerController.h; sourceTree = "<group>"; };
		19AA4037141AA5BF00BD421B /* NumberPickerController.m */ = {isa = PBXFileReference; fileEncoding = 4; lastKnownFileType = sourcecode.c.objc; path = NumberPickerController.m; sourceTree = "<group>"; };
		19AA4038141AA5BF00BD421B /* DatePickerController.h */ = {isa = PBXFileReference; fileEncoding = 4; lastKnownFileType = sourcecode.c.h; path = DatePickerController.h; sourceTree = "<group>"; };
		19AA4039141AA5BF00BD421B /* DatePickerController.m */ = {isa = PBXFileReference; fileEncoding = 4; lastKnownFileType = sourcecode.c.objc; path = DatePickerController.m; sourceTree = "<group>"; };
		19AA403A141AA5BF00BD421B /* ChecklistController.h */ = {isa = PBXFileReference; fileEncoding = 4; lastKnownFileType = sourcecode.c.h; path = ChecklistController.h; sourceTree = "<group>"; };
		19AA403B141AA5BF00BD421B /* ChecklistController.m */ = {isa = PBXFileReference; fileEncoding = 4; lastKnownFileType = sourcecode.c.objc; path = ChecklistController.m; sourceTree = "<group>"; };
		19AA403C141AA5BF00BD421B /* TextFieldController.h */ = {isa = PBXFileReference; fileEncoding = 4; lastKnownFileType = sourcecode.c.h; path = TextFieldController.h; sourceTree = "<group>"; };
		19AA403D141AA5BF00BD421B /* TextFieldController.m */ = {isa = PBXFileReference; fileEncoding = 4; lastKnownFileType = sourcecode.c.objc; path = TextFieldController.m; sourceTree = "<group>"; };
		19AA403E141AA5BF00BD421B /* DescriptionController.h */ = {isa = PBXFileReference; fileEncoding = 4; lastKnownFileType = sourcecode.c.h; path = DescriptionController.h; sourceTree = "<group>"; };
		19AA403F141AA5BF00BD421B /* DescriptionController.m */ = {isa = PBXFileReference; fileEncoding = 4; lastKnownFileType = sourcecode.c.objc; path = DescriptionController.m; sourceTree = "<group>"; };
		19AA4040141AA5BF00BD421B /* CCSCPController.h */ = {isa = PBXFileReference; fileEncoding = 4; lastKnownFileType = sourcecode.c.h; path = CCSCPController.h; sourceTree = "<group>"; };
		19AA4041141AA5BF00BD421B /* CCSCPController.m */ = {isa = PBXFileReference; fileEncoding = 4; lastKnownFileType = sourcecode.c.objc; path = CCSCPController.m; sourceTree = "<group>"; };
		19AA4042141AA5BF00BD421B /* WOSummaryCell.h */ = {isa = PBXFileReference; fileEncoding = 4; lastKnownFileType = sourcecode.c.h; path = WOSummaryCell.h; sourceTree = "<group>"; };
		19AA4043141AA5BF00BD421B /* WOSummaryCell.m */ = {isa = PBXFileReference; fileEncoding = 4; lastKnownFileType = sourcecode.c.objc; path = WOSummaryCell.m; sourceTree = "<group>"; };
		19AA4044141AA5BF00BD421B /* WOSummaryCell.xib */ = {isa = PBXFileReference; fileEncoding = 4; lastKnownFileType = file.xib; path = WOSummaryCell.xib; sourceTree = "<group>"; };
		19AA4045141AA5BF00BD421B /* CCVesselDetailSortingLineCell.h */ = {isa = PBXFileReference; fileEncoding = 4; lastKnownFileType = sourcecode.c.h; path = CCVesselDetailSortingLineCell.h; sourceTree = "<group>"; };
		19AA4046141AA5BF00BD421B /* CCVesselDetailSortingLineCell.m */ = {isa = PBXFileReference; fileEncoding = 4; lastKnownFileType = sourcecode.c.objc; path = CCVesselDetailSortingLineCell.m; sourceTree = "<group>"; };
		19AA4047141AA5BF00BD421B /* CCVesselDetailSortingLineCell.xib */ = {isa = PBXFileReference; fileEncoding = 4; lastKnownFileType = file.xib; path = CCVesselDetailSortingLineCell.xib; sourceTree = "<group>"; };
		19AA4048141AA5BF00BD421B /* CCTankLoadingController.h */ = {isa = PBXFileReference; fileEncoding = 4; lastKnownFileType = sourcecode.c.h; path = CCTankLoadingController.h; sourceTree = "<group>"; };
		19AA4049141AA5BF00BD421B /* CCTankLoadingController.m */ = {isa = PBXFileReference; fileEncoding = 4; lastKnownFileType = sourcecode.c.objc; path = CCTankLoadingController.m; sourceTree = "<group>"; };
		19AA404A141AA5BF00BD421B /* CCTankLoadingController.xib */ = {isa = PBXFileReference; fileEncoding = 4; lastKnownFileType = file.xib; path = CCTankLoadingController.xib; sourceTree = "<group>"; };
		19AA404B141AA5BF00BD421B /* CCVesselListSortingLineController.h */ = {isa = PBXFileReference; fileEncoding = 4; lastKnownFileType = sourcecode.c.h; path = CCVesselListSortingLineController.h; sourceTree = "<group>"; };
		19AA404C141AA5BF00BD421B /* CCVesselListSortingLineController.m */ = {isa = PBXFileReference; fileEncoding = 4; lastKnownFileType = sourcecode.c.objc; path = CCVesselListSortingLineController.m; sourceTree = "<group>"; };
		19AA404D141AA5BF00BD421B /* CCVesselListSortingLineController.xib */ = {isa = PBXFileReference; fileEncoding = 4; lastKnownFileType = file.xib; path = CCVesselListSortingLineController.xib; sourceTree = "<group>"; };
		19AA4087141AA5E800BD421B /* CCSortingTable.h */ = {isa = PBXFileReference; fileEncoding = 4; lastKnownFileType = sourcecode.c.h; path = CCSortingTable.h; sourceTree = "<group>"; };
		19AA4088141AA5E800BD421B /* CCSortingTable.m */ = {isa = PBXFileReference; fileEncoding = 4; lastKnownFileType = sourcecode.c.objc; path = CCSortingTable.m; sourceTree = "<group>"; };
		19AA4089141AA5E800BD421B /* CCSortingTableActivity.h */ = {isa = PBXFileReference; fileEncoding = 4; lastKnownFileType = sourcecode.c.h; path = CCSortingTableActivity.h; sourceTree = "<group>"; };
		19AA408A141AA5E800BD421B /* CCSortingTableActivity.m */ = {isa = PBXFileReference; fileEncoding = 4; lastKnownFileType = sourcecode.c.objc; path = CCSortingTableActivity.m; sourceTree = "<group>"; };
		19AA408B141AA5E800BD421B /* CCClient.h */ = {isa = PBXFileReference; fileEncoding = 4; lastKnownFileType = sourcecode.c.h; path = CCClient.h; sourceTree = "<group>"; };
		19AA408C141AA5E800BD421B /* CCClient.m */ = {isa = PBXFileReference; fileEncoding = 4; lastKnownFileType = sourcecode.c.objc; path = CCClient.m; sourceTree = "<group>"; };
		19AA408D141AA5E800BD421B /* CCAssetReservation.h */ = {isa = PBXFileReference; fileEncoding = 4; lastKnownFileType = sourcecode.c.h; path = CCAssetReservation.h; sourceTree = "<group>"; };
		19AA408E141AA5E800BD421B /* CCAssetReservation.m */ = {isa = PBXFileReference; fileEncoding = 4; lastKnownFileType = sourcecode.c.objc; path = CCAssetReservation.m; sourceTree = "<group>"; };
		19AA408F141AA5E800BD421B /* CCTask.h */ = {isa = PBXFileReference; fileEncoding = 4; lastKnownFileType = sourcecode.c.h; path = CCTask.h; sourceTree = "<group>"; };
		19AA4090141AA5E800BD421B /* CCTask.m */ = {isa = PBXFileReference; fileEncoding = 4; lastKnownFileType = sourcecode.c.objc; path = CCTask.m; sourceTree = "<group>"; };
		19AA4091141AA5E800BD421B /* CCBOL.h */ = {isa = PBXFileReference; fileEncoding = 4; lastKnownFileType = sourcecode.c.h; path = CCBOL.h; sourceTree = "<group>"; };
		19AA4092141AA5E800BD421B /* CCBOL.m */ = {isa = PBXFileReference; fileEncoding = 4; lastKnownFileType = sourcecode.c.objc; path = CCBOL.m; sourceTree = "<group>"; };
		19AA4093141AA5E800BD421B /* CCSCP.h */ = {isa = PBXFileReference; fileEncoding = 4; lastKnownFileType = sourcecode.c.h; path = CCSCP.h; sourceTree = "<group>"; };
		19AA4094141AA5E800BD421B /* CCSCP.m */ = {isa = PBXFileReference; fileEncoding = 4; lastKnownFileType = sourcecode.c.objc; path = CCSCP.m; sourceTree = "<group>"; };
		19AA4095141AA5E800BD421B /* CCWeight.h */ = {isa = PBXFileReference; fileEncoding = 4; lastKnownFileType = sourcecode.c.h; path = CCWeight.h; sourceTree = "<group>"; };
		19AA4096141AA5E800BD421B /* CCWeight.m */ = {isa = PBXFileReference; fileEncoding = 4; lastKnownFileType = sourcecode.c.objc; path = CCWeight.m; sourceTree = "<group>"; };
		19AA4097141AA5E800BD421B /* CCDatabaseObject.h */ = {isa = PBXFileReference; fileEncoding = 4; lastKnownFileType = sourcecode.c.h; path = CCDatabaseObject.h; sourceTree = "<group>"; };
		19AA4098141AA5E800BD421B /* CCDatabaseObject.m */ = {isa = PBXFileReference; fileEncoding = 4; lastKnownFileType = sourcecode.c.objc; path = CCDatabaseObject.m; sourceTree = "<group>"; };
		19AA4099141AA5E800BD421B /* CCActivity.h */ = {isa = PBXFileReference; fileEncoding = 4; lastKnownFileType = sourcecode.c.h; path = CCActivity.h; sourceTree = "<group>"; };
		19AA409A141AA5E800BD421B /* CCActivity.m */ = {isa = PBXFileReference; fileEncoding = 4; lastKnownFileType = sourcecode.c.objc; path = CCActivity.m; sourceTree = "<group>"; };
		19AA409B141AA5E800BD421B /* CCWorkOrder.h */ = {isa = PBXFileReference; fileEncoding = 4; lastKnownFileType = sourcecode.c.h; path = CCWorkOrder.h; sourceTree = "<group>"; };
		19AA409C141AA5E800BD421B /* CCWorkOrder.m */ = {isa = PBXFileReference; fileEncoding = 4; lastKnownFileType = sourcecode.c.objc; path = CCWorkOrder.m; sourceTree = "<group>"; };
		19AA409D141AA5E800BD421B /* CCBOLItem.h */ = {isa = PBXFileReference; fileEncoding = 4; lastKnownFileType = sourcecode.c.h; path = CCBOLItem.h; sourceTree = "<group>"; };
		19AA409E141AA5E800BD421B /* CCBOLItem.m */ = {isa = PBXFileReference; fileEncoding = 4; lastKnownFileType = sourcecode.c.objc; path = CCBOLItem.m; sourceTree = "<group>"; };
		19AA409F141AA5E800BD421B /* CCWT.h */ = {isa = PBXFileReference; fileEncoding = 4; lastKnownFileType = sourcecode.c.h; path = CCWT.h; sourceTree = "<group>"; };
		19AA40A0141AA5E800BD421B /* CCWT.m */ = {isa = PBXFileReference; fileEncoding = 4; lastKnownFileType = sourcecode.c.objc; path = CCWT.m; sourceTree = "<group>"; };
		19AA40A1141AA5E800BD421B /* CCLot.h */ = {isa = PBXFileReference; fileEncoding = 4; lastKnownFileType = sourcecode.c.h; path = CCLot.h; sourceTree = "<group>"; };
		19AA40A2141AA5E800BD421B /* CCLot.m */ = {isa = PBXFileReference; fileEncoding = 4; lastKnownFileType = sourcecode.c.objc; path = CCLot.m; sourceTree = "<group>"; };
		19AA40A3141AA5E800BD421B /* CCFacility.h */ = {isa = PBXFileReference; fileEncoding = 4; lastKnownFileType = sourcecode.c.h; path = CCFacility.h; sourceTree = "<group>"; };
		19AA40A4141AA5E800BD421B /* CCFacility.m */ = {isa = PBXFileReference; fileEncoding = 4; lastKnownFileType = sourcecode.c.objc; path = CCFacility.m; sourceTree = "<group>"; };
		19AA40A5141AA5E800BD421B /* CCTest.h */ = {isa = PBXFileReference; fileEncoding = 4; lastKnownFileType = sourcecode.c.h; path = CCTest.h; sourceTree = "<group>"; };
		19AA40A6141AA5E800BD421B /* CCTest.m */ = {isa = PBXFileReference; fileEncoding = 4; lastKnownFileType = sourcecode.c.objc; path = CCTest.m; sourceTree = "<group>"; };
		19AA40A7141AA5E800BD421B /* CCLabTest.h */ = {isa = PBXFileReference; fileEncoding = 4; lastKnownFileType = sourcecode.c.h; path = CCLabTest.h; sourceTree = "<group>"; };
		19AA40A8141AA5E800BD421B /* CCLabTest.m */ = {isa = PBXFileReference; fileEncoding = 4; lastKnownFileType = sourcecode.c.objc; path = CCLabTest.m; sourceTree = "<group>"; };
		19AA40A9141AA5E800BD421B /* CCBlend.h */ = {isa = PBXFileReference; fileEncoding = 4; lastKnownFileType = sourcecode.c.h; path = CCBlend.h; sourceTree = "<group>"; };
		19AA40AA141AA5E800BD421B /* CCBlend.m */ = {isa = PBXFileReference; fileEncoding = 4; lastKnownFileType = sourcecode.c.objc; path = CCBlend.m; sourceTree = "<group>"; };
		19AA40AB141AA5E800BD421B /* CCAsset.h */ = {isa = PBXFileReference; fileEncoding = 4; lastKnownFileType = sourcecode.c.h; path = CCAsset.h; sourceTree = "<group>"; };
		19AA40AC141AA5E800BD421B /* CCAsset.m */ = {isa = PBXFileReference; fileEncoding = 4; lastKnownFileType = sourcecode.c.objc; path = CCAsset.m; sourceTree = "<group>"; };
		19AA40AD141AA5E800BD421B /* CCVintage.h */ = {isa = PBXFileReference; fileEncoding = 4; lastKnownFileType = sourcecode.c.h; path = CCVintage.h; sourceTree = "<group>"; };
		19AA40AE141AA5E800BD421B /* CCVintage.m */ = {isa = PBXFileReference; fileEncoding = 4; lastKnownFileType = sourcecode.c.objc; path = CCVintage.m; sourceTree = "<group>"; };
		19AA40AF141AA5E800BD421B /* CCStructure.h */ = {isa = PBXFileReference; fileEncoding = 4; lastKnownFileType = sourcecode.c.h; path = CCStructure.h; sourceTree = "<group>"; };
		19AA40B0141AA5E800BD421B /* CCStructure.m */ = {isa = PBXFileReference; fileEncoding = 4; lastKnownFileType = sourcecode.c.objc; path = CCStructure.m; sourceTree = "<group>"; };
		19AA40B1141AA5E800BD421B /* CCValidLabTests.h */ = {isa = PBXFileReference; fileEncoding = 4; lastKnownFileType = sourcecode.c.h; path = CCValidLabTests.h; sourceTree = "<group>"; };
		19AA40B2141AA5E800BD421B /* CCValidLabTests.m */ = {isa = PBXFileReference; fileEncoding = 4; lastKnownFileType = sourcecode.c.objc; path = CCValidLabTests.m; sourceTree = "<group>"; };
		19AA40B3141AA5E800BD421B /* CCFermProtocol.h */ = {isa = PBXFileReference; fileEncoding = 4; lastKnownFileType = sourcecode.c.h; path = CCFermProtocol.h; sourceTree = "<group>"; };
		19AA40B4141AA5E800BD421B /* CCFermProtocol.m */ = {isa = PBXFileReference; fileEncoding = 4; lastKnownFileType = sourcecode.c.objc; path = CCFermProtocol.m; sourceTree = "<group>"; };
		19AA40B5141AA5E800BD421B /* CCVineyard.h */ = {isa = PBXFileReference; fileEncoding = 4; lastKnownFileType = sourcecode.c.h; path = CCVineyard.h; sourceTree = "<group>"; };
		19AA40B6141AA5E800BD421B /* CCVineyard.m */ = {isa = PBXFileReference; fileEncoding = 4; lastKnownFileType = sourcecode.c.objc; path = CCVineyard.m; sourceTree = "<group>"; };
		19AA40B7141AA5E800BD421B /* CCWineStructure.h */ = {isa = PBXFileReference; fileEncoding = 4; lastKnownFileType = sourcecode.c.h; path = CCWineStructure.h; sourceTree = "<group>"; };
		19AA40B8141AA5E800BD421B /* CCWineStructure.m */ = {isa = PBXFileReference; fileEncoding = 4; lastKnownFileType = sourcecode.c.objc; path = CCWineStructure.m; sourceTree = "<group>"; };
		19AA40B9141AA5E800BD421B /* testLeaks.h */ = {isa = PBXFileReference; fileEncoding = 4; lastKnownFileType = sourcecode.c.h; path = testLeaks.h; sourceTree = "<group>"; };
		19AA40BA141AA5E800BD421B /* testLeaks.m */ = {isa = PBXFileReference; fileEncoding = 4; lastKnownFileType = sourcecode.c.objc; path = testLeaks.m; sourceTree = "<group>"; };
		19AA40D6141AA6C800BD421B /* CrushHelper.h */ = {isa = PBXFileReference; fileEncoding = 4; lastKnownFileType = sourcecode.c.h; path = CrushHelper.h; sourceTree = "<group>"; };
		19AA40D7141AA6C800BD421B /* CrushHelper.m */ = {isa = PBXFileReference; fileEncoding = 4; lastKnownFileType = sourcecode.c.objc; path = CrushHelper.m; sourceTree = "<group>"; };
		19AA40D8141AA6C800BD421B /* CCIcons.h */ = {isa = PBXFileReference; fileEncoding = 4; lastKnownFileType = sourcecode.c.h; path = CCIcons.h; sourceTree = "<group>"; };
		19AA40D9141AA6C800BD421B /* CCIcons.m */ = {isa = PBXFileReference; fileEncoding = 4; lastKnownFileType = sourcecode.c.objc; path = CCIcons.m; sourceTree = "<group>"; };
		19AA40DD141AA6EE00BD421B /* JSON.h */ = {isa = PBXFileReference; fileEncoding = 4; lastKnownFileType = sourcecode.c.h; path = JSON.h; sourceTree = "<group>"; };
		19AA40DE141AA6EE00BD421B /* NSObject+SBJSON.h */ = {isa = PBXFileReference; fileEncoding = 4; lastKnownFileType = sourcecode.c.h; path = "NSObject+SBJSON.h"; sourceTree = "<group>"; };
		19AA40DF141AA6EE00BD421B /* NSObject+SBJSON.m */ = {isa = PBXFileReference; fileEncoding = 4; lastKnownFileType = sourcecode.c.objc; path = "NSObject+SBJSON.m"; sourceTree = "<group>"; };
		19AA40E0141AA6EE00BD421B /* NSString+SBJSON.h */ = {isa = PBXFileReference; fileEncoding = 4; lastKnownFileType = sourcecode.c.h; path = "NSString+SBJSON.h"; sourceTree = "<group>"; };
		19AA40E1141AA6EE00BD421B /* NSString+SBJSON.m */ = {isa = PBXFileReference; fileEncoding = 4; lastKnownFileType = sourcecode.c.objc; path = "NSString+SBJSON.m"; sourceTree = "<group>"; };
		19AA40E2141AA6EE00BD421B /* SBJSON.h */ = {isa = PBXFileReference; fileEncoding = 4; lastKnownFileType = sourcecode.c.h; path = SBJSON.h; sourceTree = "<group>"; };
		19AA40E3141AA6EE00BD421B /* SBJSON.m */ = {isa = PBXFileReference; fileEncoding = 4; lastKnownFileType = sourcecode.c.objc; path = SBJSON.m; sourceTree = "<group>"; };
		19AA40E4141AA6EE00BD421B /* SBJsonBase.h */ = {isa = PBXFileReference; fileEncoding = 4; lastKnownFileType = sourcecode.c.h; path = SBJsonBase.h; sourceTree = "<group>"; };
		19AA40E5141AA6EE00BD421B /* SBJsonBase.m */ = {isa = PBXFileReference; fileEncoding = 4; lastKnownFileType = sourcecode.c.objc; path = SBJsonBase.m; sourceTree = "<group>"; };
		19AA40E6141AA6EE00BD421B /* SBJsonParser.h */ = {isa = PBXFileReference; fileEncoding = 4; lastKnownFileType = sourcecode.c.h; path = SBJsonParser.h; sourceTree = "<group>"; };
		19AA40E7141AA6EE00BD421B /* SBJsonParser.m */ = {isa = PBXFileReference; fileEncoding = 4; lastKnownFileType = sourcecode.c.objc; path = SBJsonParser.m; sourceTree = "<group>"; };
		19AA40E8141AA6EE00BD421B /* SBJsonWriter.h */ = {isa = PBXFileReference; fileEncoding = 4; lastKnownFileType = sourcecode.c.h; path = SBJsonWriter.h; sourceTree = "<group>"; };
		19AA40E9141AA6EE00BD421B /* SBJsonWriter.m */ = {isa = PBXFileReference; fileEncoding = 4; lastKnownFileType = sourcecode.c.objc; path = SBJsonWriter.m; sourceTree = "<group>"; };
		19AA40F1141AA79300BD421B /* cellarworxAppDelegate.h */ = {isa = PBXFileReference; fileEncoding = 4; lastKnownFileType = sourcecode.c.h; path = cellarworxAppDelegate.h; sourceTree = "<group>"; };
		19AA40F2141AA79300BD421B /* cellarworxAppDelegate.m */ = {isa = PBXFileReference; fileEncoding = 4; lastKnownFileType = sourcecode.c.objc; path = cellarworxAppDelegate.m; sourceTree = "<group>"; };
		19AA40F4141AA81B00BD421B /* RootViewController.h */ = {isa = PBXFileReference; fileEncoding = 4; lastKnownFileType = sourcecode.c.h; path = RootViewController.h; sourceTree = "<group>"; };
		19AA40F5141AA81B00BD421B /* RootViewController.m */ = {isa = PBXFileReference; fileEncoding = 4; lastKnownFileType = sourcecode.c.objc; path = RootViewController.m; sourceTree = "<group>"; };
		19AA40F6141AA81B00BD421B /* DetailViewController.h */ = {isa = PBXFileReference; fileEncoding = 4; lastKnownFileType = sourcecode.c.h; path = DetailViewController.h; sourceTree = "<group>"; };
		19AA40F7141AA81B00BD421B /* DetailViewController.m */ = {isa = PBXFileReference; fileEncoding = 4; lastKnownFileType = sourcecode.c.objc; path = DetailViewController.m; sourceTree = "<group>"; };
		19AA40FA141AA8A700BD421B /* MapKit.framework */ = {isa = PBXFileReference; lastKnownFileType = wrapper.framework; name = MapKit.framework; path = System/Library/Frameworks/MapKit.framework; sourceTree = SDKROOT; };
		19AA40FC141AA93A00BD421B /* CC702.h */ = {isa = PBXFileReference; fileEncoding = 4; lastKnownFileType = sourcecode.c.h; path = CC702.h; sourceTree = "<group>"; };
		19AA40FD141AA93A00BD421B /* CC702.m */ = {isa = PBXFileReference; fileEncoding = 4; lastKnownFileType = sourcecode.c.objc; path = CC702.m; sourceTree = "<group>"; };
		19AA40FE141AA93A00BD421B /* CC702Event.h */ = {isa = PBXFileReference; fileEncoding = 4; lastKnownFileType = sourcecode.c.h; path = CC702Event.h; sourceTree = "<group>"; };
		19AA40FF141AA93A00BD421B /* CC702Event.m */ = {isa = PBXFileReference; fileEncoding = 4; lastKnownFileType = sourcecode.c.objc; path = CC702Event.m; sourceTree = "<group>"; };
		19AA4100141AA93A00BD421B /* CC702Section.h */ = {isa = PBXFileReference; fileEncoding = 4; lastKnownFileType = sourcecode.c.h; path = CC702Section.h; sourceTree = "<group>"; };
		19AA4101141AA93A00BD421B /* CC702Section.m */ = {isa = PBXFileReference; fileEncoding = 4; lastKnownFileType = sourcecode.c.objc; path = CC702Section.m; sourceTree = "<group>"; };
		19AA4102141AA93B00BD421B /* CC702SectionJuice.h */ = {isa = PBXFileReference; fileEncoding = 4; lastKnownFileType = sourcecode.c.h; path = CC702SectionJuice.h; sourceTree = "<group>"; };
		19AA4103141AA93B00BD421B /* CC702SectionJuice.m */ = {isa = PBXFileReference; fileEncoding = 4; lastKnownFileType = sourcecode.c.objc; path = CC702SectionJuice.m; sourceTree = "<group>"; };
		19AA4104141AA93B00BD421B /* CC702SectionBulk.h */ = {isa = PBXFileReference; fileEncoding = 4; lastKnownFileType = sourcecode.c.h; path = CC702SectionBulk.h; sourceTree = "<group>"; };
		19AA4105141AA93B00BD421B /* CC702SectionBulk.m */ = {isa = PBXFileReference; fileEncoding = 4; lastKnownFileType = sourcecode.c.objc; path = CC702SectionBulk.m; sourceTree = "<group>"; };
		19AA4106141AA93B00BD421B /* CC702SectionBottled.h */ = {isa = PBXFileReference; fileEncoding = 4; lastKnownFileType = sourcecode.c.h; path = CC702SectionBottled.h; sourceTree = "<group>"; };
		19AA4107141AA93C00BD421B /* CC702SectionBottled.m */ = {isa = PBXFileReference; fileEncoding = 4; lastKnownFileType = sourcecode.c.objc; path = CC702SectionBottled.m; sourceTree = "<group>"; };
		19AA4108141AA93C00BD421B /* CC702Rollup.h */ = {isa = PBXFileReference; fileEncoding = 4; lastKnownFileType = sourcecode.c.h; path = CC702Rollup.h; sourceTree = "<group>"; };
		19AA4109141AA93C00BD421B /* CC702Rollup.m */ = {isa = PBXFileReference; fileEncoding = 4; lastKnownFileType = sourcecode.c.objc; path = CC702Rollup.m; sourceTree = "<group>"; };
/* End PBXFileReference section */

/* Begin PBXFrameworksBuildPhase section */
		19AA3FCB141AA55200BD421B /* Frameworks */ = {
			isa = PBXFrameworksBuildPhase;
			buildActionMask = 2147483647;
			files = (
				19AA40FB141AA8A700BD421B /* MapKit.framework in Frameworks */,
				19AA3FD3141AA55200BD421B /* UIKit.framework in Frameworks */,
				19AA3FD5141AA55200BD421B /* Foundation.framework in Frameworks */,
				19AA3FD7141AA55200BD421B /* CoreGraphics.framework in Frameworks */,
				19AA3FD9141AA55200BD421B /* CoreData.framework in Frameworks */,
			);
			runOnlyForDeploymentPostprocessing = 0;
		};
/* End PBXFrameworksBuildPhase section */

/* Begin PBXGroup section */
		19AA3FC3141AA55000BD421B = {
			isa = PBXGroup;
			children = (
				19AA40FA141AA8A700BD421B /* MapKit.framework */,
				19AA3FDA141AA55200BD421B /* cellarworxCrushPad */,
				19AA3FD1141AA55200BD421B /* Frameworks */,
				19AA3FCF141AA55200BD421B /* Products */,
			);
			sourceTree = "<group>";
		};
		19AA3FCF141AA55200BD421B /* Products */ = {
			isa = PBXGroup;
			children = (
				19AA3FCE141AA55200BD421B /* cellarworxCrushPad.app */,
			);
			name = Products;
			sourceTree = "<group>";
		};
		19AA3FD1141AA55200BD421B /* Frameworks */ = {
			isa = PBXGroup;
			children = (
				19AA3FD2141AA55200BD421B /* UIKit.framework */,
				19AA3FD4141AA55200BD421B /* Foundation.framework */,
				19AA3FD6141AA55200BD421B /* CoreGraphics.framework */,
				19AA3FD8141AA55200BD421B /* CoreData.framework */,
			);
			name = Frameworks;
			sourceTree = "<group>";
		};
		19AA3FDA141AA55200BD421B /* cellarworxCrushPad */ = {
			isa = PBXGroup;
			children = (
				19AA4111141AA94600BD421B /* 702 */,
				19AA40F4141AA81B00BD421B /* RootViewController.h */,
				19AA40F5141AA81B00BD421B /* RootViewController.m */,
				19AA40F6141AA81B00BD421B /* DetailViewController.h */,
				19AA40F7141AA81B00BD421B /* DetailViewController.m */,
				19AA40F1141AA79300BD421B /* cellarworxAppDelegate.h */,
				19AA40F2141AA79300BD421B /* cellarworxAppDelegate.m */,
				19AA3FEE141AA5BF00BD421B /* CCAsyncView.h */,
				19AA3FEF141AA5BF00BD421B /* CCAsyncView.m */,
				19AA3FF0141AA5BF00BD421B /* CCTankCapacityView.h */,
				19AA3FF1141AA5BF00BD421B /* CCTankCapacityView.m */,
				19AA3FF2141AA5BF00BD421B /* CCSCPForecastView.h */,
				19AA3FF3141AA5BF00BD421B /* CCSCPForecastView.m */,
				19AA3FF4141AA5BF00BD421B /* CCSortingTableScheduleController.h */,
				19AA3FF5141AA5BF00BD421B /* CCSortingTableScheduleController.m */,
				19AA3FF6141AA5BF00BD421B /* CCSortingTableScheduleController.xib */,
				19AA3FF7141AA5BF00BD421B /* graphViewController.h */,
				19AA3FF8141AA5BF00BD421B /* graphViewController.m */,
				19AA3FF9141AA5BF00BD421B /* axisIndicator.h */,
				19AA3FFA141AA5BF00BD421B /* axisIndicator.m */,
				19AA3FFB141AA5BF00BD421B /* plotAttributes.h */,
				19AA3FFC141AA5BF00BD421B /* plotAttributes.m */,
				19AA3FFD141AA5BF00BD421B /* plotRange.h */,
				19AA3FFE141AA5BF00BD421B /* plotRange.m */,
				19AA3FFF141AA5BF00BD421B /* plotUtilities.h */,
				19AA4000141AA5BF00BD421B /* plotUtilities.m */,
				19AA4001141AA5BF00BD421B /* graphView.h */,
				19AA4002141AA5BF00BD421B /* graphView.m */,
				19AA4003141AA5BF00BD421B /* CCTankCapacityGraphController.h */,
				19AA4004141AA5BF00BD421B /* CCTankCapacityGraphController.m */,
				19AA4005141AA5BF00BD421B /* CCSortingActivityCellController.xib */,
				19AA4006141AA5BF00BD421B /* CCSortingActivityCellController.m */,
				19AA4007141AA5BF00BD421B /* CCSortingActivityCellController.h */,
				19AA4008141AA5BF00BD421B /* NumberPickerController.xib */,
				19AA4009141AA5BF00BD421B /* CCPinController.h */,
				19AA400A141AA5BF00BD421B /* TankPickerController.xib */,
				19AA400B141AA5BF00BD421B /* DatePickerController.xib */,
				19AA400C141AA5BF00BD421B /* CCPinController.m */,
				19AA400D141AA5BF00BD421B /* DescriptionCell.xib */,
				19AA400E141AA5BF00BD421B /* CCPinController.xib */,
				19AA400F141AA5BF00BD421B /* WOFieldsCell.xib */,
				19AA4010141AA5BF00BD421B /* WOFieldsCell.m */,
				19AA4011141AA5BF00BD421B /* WOFieldsCell.h */,
				19AA4012141AA5BF00BD421B /* CCVineyardController.m */,
				19AA4013141AA5BF00BD421B /* CCVineyardController.h */,
				19AA4014141AA5BF00BD421B /* CCVineyardDetailController.h */,
				19AA4015141AA5BF00BD421B /* CCVineyardDetailController.m */,
				19AA4016141AA5BF00BD421B /* CCTankPickerController.h */,
				19AA4017141AA5BF00BD421B /* CCTankPickerController.m */,
				19AA4018141AA5BF00BD421B /* WTSummaryCellController.h */,
				19AA4019141AA5BF00BD421B /* WTSummaryCellController.m */,
				19AA401A141AA5BF00BD421B /* WTSummaryCell.xib */,
				19AA401B141AA5BF00BD421B /* BinCell.m */,
				19AA401C141AA5BF00BD421B /* BinCell.xib */,
				19AA401D141AA5BF00BD421B /* BinCell.h */,
				19AA401E141AA5BF00BD421B /* WeightController.m */,
				19AA401F141AA5BF00BD421B /* WeightController.h */,
				19AA4020141AA5BF00BD421B /* WeightController.xib */,
				19AA4021141AA5BF00BD421B /* WeightMeasurementController.m */,
				19AA4022141AA5BF00BD421B /* WeightMeasurementController.h */,
				19AA4023141AA5BF00BD421B /* WeightMeasurementController.xib */,
				19AA4024141AA5BF00BD421B /* CCWTPickerCell.xib */,
				19AA4025141AA5BF00BD421B /* CCWTPickerCell.h */,
				19AA4026141AA5BF00BD421B /* CCWTPickerCell.m */,
				19AA4027141AA5BF00BD421B /* CCTankListController.h */,
				19AA4028141AA5BF00BD421B /* CCTankListController.m */,
				19AA4029141AA5BF00BD421B /* CCBinController.h */,
				19AA402A141AA5BF00BD421B /* CCBinController.m */,
				19AA402B141AA5BF00BD421B /* DescriptionCell.h */,
				19AA402C141AA5BF00BD421B /* DescriptionCell.m */,
				19AA402D141AA5BF00BD421B /* CCWeighTagPickerCell.h */,
				19AA402E141AA5BF00BD421B /* CCWeighTagPickerCell.m */,
				19AA402F141AA5BF00BD421B /* CCVineyardListController.h */,
				19AA4030141AA5BF00BD421B /* CCVineyardListController.m */,
				19AA4031141AA5BF00BD421B /* WOPickerController.h */,
				19AA4032141AA5BF00BD421B /* WOPickerController.m */,
				19AA4033141AA5BF00BD421B /* CCSCPColorPickerController.h */,
				19AA4034141AA5BF00BD421B /* CCSCPColorPickerController.m */,
				19AA4035141AA5BF00BD421B /* CCSCPColorPickerController.xib */,
				19AA4036141AA5BF00BD421B /* NumberPickerController.h */,
				19AA4037141AA5BF00BD421B /* NumberPickerController.m */,
				19AA4038141AA5BF00BD421B /* DatePickerController.h */,
				19AA4039141AA5BF00BD421B /* DatePickerController.m */,
				19AA403A141AA5BF00BD421B /* ChecklistController.h */,
				19AA403B141AA5BF00BD421B /* ChecklistController.m */,
				19AA403C141AA5BF00BD421B /* TextFieldController.h */,
				19AA403D141AA5BF00BD421B /* TextFieldController.m */,
				19AA403E141AA5BF00BD421B /* DescriptionController.h */,
				19AA403F141AA5BF00BD421B /* DescriptionController.m */,
				19AA4040141AA5BF00BD421B /* CCSCPController.h */,
				19AA4041141AA5BF00BD421B /* CCSCPController.m */,
				19AA4042141AA5BF00BD421B /* WOSummaryCell.h */,
				19AA4043141AA5BF00BD421B /* WOSummaryCell.m */,
				19AA4044141AA5BF00BD421B /* WOSummaryCell.xib */,
				19AA4045141AA5BF00BD421B /* CCVesselDetailSortingLineCell.h */,
				19AA4046141AA5BF00BD421B /* CCVesselDetailSortingLineCell.m */,
				19AA4047141AA5BF00BD421B /* CCVesselDetailSortingLineCell.xib */,
				19AA4048141AA5BF00BD421B /* CCTankLoadingController.h */,
				19AA4049141AA5BF00BD421B /* CCTankLoadingController.m */,
				19AA404A141AA5BF00BD421B /* CCTankLoadingController.xib */,
				19AA404B141AA5BF00BD421B /* CCVesselListSortingLineController.h */,
				19AA404C141AA5BF00BD421B /* CCVesselListSortingLineController.m */,
				19AA404D141AA5BF00BD421B /* CCVesselListSortingLineController.xib */,
				19AA3FE3141AA55300BD421B /* AppDelegate.h */,
				19AA3FE4141AA55300BD421B /* AppDelegate.m */,
				19AA40F0141AA6F600BD421B /* JSON */,
				19AA40DC141AA6D200BD421B /* Utilities */,
				19AA3FE6141AA55300BD421B /* cellarworxCrushPad.xcdatamodeld */,
				19AA40D5141AA5F600BD421B /* Model Objects */,
				19AA3FDB141AA55300BD421B /* Supporting Files */,
			);
			path = cellarworxCrushPad;
			sourceTree = "<group>";
		};
		19AA3FDB141AA55300BD421B /* Supporting Files */ = {
			isa = PBXGroup;
			children = (
				19AA3FDC141AA55300BD421B /* cellarworxCrushPad-Info.plist */,
				19AA3FDD141AA55300BD421B /* InfoPlist.strings */,
				19AA3FE0141AA55300BD421B /* main.m */,
				19AA3FE2141AA55300BD421B /* cellarworxCrushPad-Prefix.pch */,
			);
			name = "Supporting Files";
			sourceTree = "<group>";
		};
		19AA40D5141AA5F600BD421B /* Model Objects */ = {
			isa = PBXGroup;
			children = (
				19AA4087141AA5E800BD421B /* CCSortingTable.h */,
				19AA4088141AA5E800BD421B /* CCSortingTable.m */,
				19AA4089141AA5E800BD421B /* CCSortingTableActivity.h */,
				19AA408A141AA5E800BD421B /* CCSortingTableActivity.m */,
				19AA408B141AA5E800BD421B /* CCClient.h */,
				19AA408C141AA5E800BD421B /* CCClient.m */,
				19AA408D141AA5E800BD421B /* CCAssetReservation.h */,
				19AA408E141AA5E800BD421B /* CCAssetReservation.m */,
				19AA408F141AA5E800BD421B /* CCTask.h */,
				19AA4090141AA5E800BD421B /* CCTask.m */,
				19AA4091141AA5E800BD421B /* CCBOL.h */,
				19AA4092141AA5E800BD421B /* CCBOL.m */,
				19AA4093141AA5E800BD421B /* CCSCP.h */,
				19AA4094141AA5E800BD421B /* CCSCP.m */,
				19AA4095141AA5E800BD421B /* CCWeight.h */,
				19AA4096141AA5E800BD421B /* CCWeight.m */,
				19AA4097141AA5E800BD421B /* CCDatabaseObject.h */,
				19AA4098141AA5E800BD421B /* CCDatabaseObject.m */,
				19AA4099141AA5E800BD421B /* CCActivity.h */,
				19AA409A141AA5E800BD421B /* CCActivity.m */,
				19AA409B141AA5E800BD421B /* CCWorkOrder.h */,
				19AA409C141AA5E800BD421B /* CCWorkOrder.m */,
				19AA409D141AA5E800BD421B /* CCBOLItem.h */,
				19AA409E141AA5E800BD421B /* CCBOLItem.m */,
				19AA409F141AA5E800BD421B /* CCWT.h */,
				19AA40A0141AA5E800BD421B /* CCWT.m */,
				19AA40A1141AA5E800BD421B /* CCLot.h */,
				19AA40A2141AA5E800BD421B /* CCLot.m */,
				19AA40A3141AA5E800BD421B /* CCFacility.h */,
				19AA40A4141AA5E800BD421B /* CCFacility.m */,
				19AA40A5141AA5E800BD421B /* CCTest.h */,
				19AA40A6141AA5E800BD421B /* CCTest.m */,
				19AA40A7141AA5E800BD421B /* CCLabTest.h */,
				19AA40A8141AA5E800BD421B /* CCLabTest.m */,
				19AA40A9141AA5E800BD421B /* CCBlend.h */,
				19AA40AA141AA5E800BD421B /* CCBlend.m */,
				19AA40AB141AA5E800BD421B /* CCAsset.h */,
				19AA40AC141AA5E800BD421B /* CCAsset.m */,
				19AA40AD141AA5E800BD421B /* CCVintage.h */,
				19AA40AE141AA5E800BD421B /* CCVintage.m */,
				19AA40AF141AA5E800BD421B /* CCStructure.h */,
				19AA40B0141AA5E800BD421B /* CCStructure.m */,
				19AA40B1141AA5E800BD421B /* CCValidLabTests.h */,
				19AA40B2141AA5E800BD421B /* CCValidLabTests.m */,
				19AA40B3141AA5E800BD421B /* CCFermProtocol.h */,
				19AA40B4141AA5E800BD421B /* CCFermProtocol.m */,
				19AA40B5141AA5E800BD421B /* CCVineyard.h */,
				19AA40B6141AA5E800BD421B /* CCVineyard.m */,
				19AA40B7141AA5E800BD421B /* CCWineStructure.h */,
				19AA40B8141AA5E800BD421B /* CCWineStructure.m */,
				19AA40B9141AA5E800BD421B /* testLeaks.h */,
				19AA40BA141AA5E800BD421B /* testLeaks.m */,
			);
			name = "Model Objects";
			sourceTree = "<group>";
		};
		19AA40DC141AA6D200BD421B /* Utilities */ = {
			isa = PBXGroup;
			children = (
				19AA40D6141AA6C800BD421B /* CrushHelper.h */,
				19AA40D7141AA6C800BD421B /* CrushHelper.m */,
				19AA40D8141AA6C800BD421B /* CCIcons.h */,
				19AA40D9141AA6C800BD421B /* CCIcons.m */,
			);
			name = Utilities;
			sourceTree = "<group>";
		};
		19AA40F0141AA6F600BD421B /* JSON */ = {
			isa = PBXGroup;
			children = (
				19AA40DD141AA6EE00BD421B /* JSON.h */,
				19AA40DE141AA6EE00BD421B /* NSObject+SBJSON.h */,
				19AA40DF141AA6EE00BD421B /* NSObject+SBJSON.m */,
				19AA40E0141AA6EE00BD421B /* NSString+SBJSON.h */,
				19AA40E1141AA6EE00BD421B /* NSString+SBJSON.m */,
				19AA40E2141AA6EE00BD421B /* SBJSON.h */,
				19AA40E3141AA6EE00BD421B /* SBJSON.m */,
				19AA40E4141AA6EE00BD421B /* SBJsonBase.h */,
				19AA40E5141AA6EE00BD421B /* SBJsonBase.m */,
				19AA40E6141AA6EE00BD421B /* SBJsonParser.h */,
				19AA40E7141AA6EE00BD421B /* SBJsonParser.m */,
				19AA40E8141AA6EE00BD421B /* SBJsonWriter.h */,
				19AA40E9141AA6EE00BD421B /* SBJsonWriter.m */,
			);
			name = JSON;
			sourceTree = "<group>";
		};
		19AA4111141AA94600BD421B /* 702 */ = {
			isa = PBXGroup;
			children = (
				19AA40FC141AA93A00BD421B /* CC702.h */,
				19AA40FD141AA93A00BD421B /* CC702.m */,
				19AA40FE141AA93A00BD421B /* CC702Event.h */,
				19AA40FF141AA93A00BD421B /* CC702Event.m */,
				19AA4100141AA93A00BD421B /* CC702Section.h */,
				19AA4101141AA93A00BD421B /* CC702Section.m */,
				19AA4102141AA93B00BD421B /* CC702SectionJuice.h */,
				19AA4103141AA93B00BD421B /* CC702SectionJuice.m */,
				19AA4104141AA93B00BD421B /* CC702SectionBulk.h */,
				19AA4105141AA93B00BD421B /* CC702SectionBulk.m */,
				19AA4106141AA93B00BD421B /* CC702SectionBottled.h */,
				19AA4107141AA93C00BD421B /* CC702SectionBottled.m */,
				19AA4108141AA93C00BD421B /* CC702Rollup.h */,
				19AA4109141AA93C00BD421B /* CC702Rollup.m */,
			);
			name = 702;
			sourceTree = "<group>";
		};
/* End PBXGroup section */

/* Begin PBXNativeTarget section */
		19AA3FCD141AA55200BD421B /* cellarworxCrushPad */ = {
			isa = PBXNativeTarget;
			buildConfigurationList = 19AA3FEB141AA55300BD421B /* Build configuration list for PBXNativeTarget "cellarworxCrushPad" */;
			buildPhases = (
				19AA3FCA141AA55200BD421B /* Sources */,
				19AA3FCB141AA55200BD421B /* Frameworks */,
				19AA3FCC141AA55200BD421B /* Resources */,
			);
			buildRules = (
			);
			dependencies = (
			);
			name = cellarworxCrushPad;
			productName = cellarworxCrushPad;
			productReference = 19AA3FCE141AA55200BD421B /* cellarworxCrushPad.app */;
			productType = "com.apple.product-type.application";
		};
/* End PBXNativeTarget section */

/* Begin PBXProject section */
		19AA3FC5141AA55000BD421B /* Project object */ = {
			isa = PBXProject;
			attributes = {
				LastUpgradeCheck = 0420;
				ORGANIZATIONNAME = "deck5 Software, Inc.";
			};
			buildConfigurationList = 19AA3FC8141AA55000BD421B /* Build configuration list for PBXProject "cellarworxCrushPad" */;
			compatibilityVersion = "Xcode 3.2";
			developmentRegion = English;
			hasScannedForEncodings = 0;
			knownRegions = (
				en,
			);
			mainGroup = 19AA3FC3141AA55000BD421B;
			productRefGroup = 19AA3FCF141AA55200BD421B /* Products */;
			projectDirPath = "";
			projectRoot = "";
			targets = (
				19AA3FCD141AA55200BD421B /* cellarworxCrushPad */,
			);
		};
/* End PBXProject section */

/* Begin PBXResourcesBuildPhase section */
		19AA3FCC141AA55200BD421B /* Resources */ = {
			isa = PBXResourcesBuildPhase;
			buildActionMask = 2147483647;
			files = (
				19AA3FDF141AA55300BD421B /* InfoPlist.strings in Resources */,
				19AA4052141AA5C000BD421B /* CCSortingTableScheduleController.xib in Resources */,
				19AA405A141AA5C000BD421B /* CCSortingActivityCellController.xib in Resources */,
				19AA405C141AA5C000BD421B /* NumberPickerController.xib in Resources */,
				19AA405D141AA5C000BD421B /* TankPickerController.xib in Resources */,
				19AA405E141AA5C000BD421B /* DatePickerController.xib in Resources */,
				19AA4060141AA5C000BD421B /* DescriptionCell.xib in Resources */,
				19AA4061141AA5C000BD421B /* CCPinController.xib in Resources */,
				19AA4062141AA5C000BD421B /* WOFieldsCell.xib in Resources */,
				19AA4068141AA5C000BD421B /* WTSummaryCell.xib in Resources */,
				19AA406A141AA5C000BD421B /* BinCell.xib in Resources */,
				19AA406C141AA5C000BD421B /* WeightController.xib in Resources */,
				19AA406E141AA5C000BD421B /* WeightMeasurementController.xib in Resources */,
				19AA406F141AA5C000BD421B /* CCWTPickerCell.xib in Resources */,
				19AA4078141AA5C000BD421B /* CCSCPColorPickerController.xib in Resources */,
				19AA4080141AA5C000BD421B /* WOSummaryCell.xib in Resources */,
				19AA4082141AA5C000BD421B /* CCVesselDetailSortingLineCell.xib in Resources */,
				19AA4084141AA5C000BD421B /* CCTankLoadingController.xib in Resources */,
				19AA4086141AA5C000BD421B /* CCVesselListSortingLineController.xib in Resources */,
			);
			runOnlyForDeploymentPostprocessing = 0;
		};
/* End PBXResourcesBuildPhase section */

/* Begin PBXSourcesBuildPhase section */
		19AA3FCA141AA55200BD421B /* Sources */ = {
			isa = PBXSourcesBuildPhase;
			buildActionMask = 2147483647;
			files = (
				19AA3FE1141AA55300BD421B /* main.m in Sources */,
				19AA3FE5141AA55300BD421B /* AppDelegate.m in Sources */,
				19AA3FE8141AA55300BD421B /* cellarworxCrushPad.xcdatamodeld in Sources */,
				19AA404E141AA5C000BD421B /* CCAsyncView.m in Sources */,
				19AA404F141AA5C000BD421B /* CCTankCapacityView.m in Sources */,
				19AA4050141AA5C000BD421B /* CCSCPForecastView.m in Sources */,
				19AA4051141AA5C000BD421B /* CCSortingTableScheduleController.m in Sources */,
				19AA4053141AA5C000BD421B /* graphViewController.m in Sources */,
				19AA4054141AA5C000BD421B /* axisIndicator.m in Sources */,
				19AA4055141AA5C000BD421B /* plotAttributes.m in Sources */,
				19AA4056141AA5C000BD421B /* plotRange.m in Sources */,
				19AA4057141AA5C000BD421B /* plotUtilities.m in Sources */,
				19AA4058141AA5C000BD421B /* graphView.m in Sources */,
				19AA4059141AA5C000BD421B /* CCTankCapacityGraphController.m in Sources */,
				19AA405B141AA5C000BD421B /* CCSortingActivityCellController.m in Sources */,
				19AA405F141AA5C000BD421B /* CCPinController.m in Sources */,
				19AA4063141AA5C000BD421B /* WOFieldsCell.m in Sources */,
				19AA4064141AA5C000BD421B /* CCVineyardController.m in Sources */,
				19AA4065141AA5C000BD421B /* CCVineyardDetailController.m in Sources */,
				19AA4066141AA5C000BD421B /* CCTankPickerController.m in Sources */,
				19AA4067141AA5C000BD421B /* WTSummaryCellController.m in Sources */,
				19AA4069141AA5C000BD421B /* BinCell.m in Sources */,
				19AA406B141AA5C000BD421B /* WeightController.m in Sources */,
				19AA406D141AA5C000BD421B /* WeightMeasurementController.m in Sources */,
				19AA4070141AA5C000BD421B /* CCWTPickerCell.m in Sources */,
				19AA4071141AA5C000BD421B /* CCTankListController.m in Sources */,
				19AA4072141AA5C000BD421B /* CCBinController.m in Sources */,
				19AA4073141AA5C000BD421B /* DescriptionCell.m in Sources */,
				19AA4074141AA5C000BD421B /* CCWeighTagPickerCell.m in Sources */,
				19AA4075141AA5C000BD421B /* CCVineyardListController.m in Sources */,
				19AA4076141AA5C000BD421B /* WOPickerController.m in Sources */,
				19AA4077141AA5C000BD421B /* CCSCPColorPickerController.m in Sources */,
				19AA4079141AA5C000BD421B /* NumberPickerController.m in Sources */,
				19AA407A141AA5C000BD421B /* DatePickerController.m in Sources */,
				19AA407B141AA5C000BD421B /* ChecklistController.m in Sources */,
				19AA407C141AA5C000BD421B /* TextFieldController.m in Sources */,
				19AA407D141AA5C000BD421B /* DescriptionController.m in Sources */,
				19AA407E141AA5C000BD421B /* CCSCPController.m in Sources */,
				19AA407F141AA5C000BD421B /* WOSummaryCell.m in Sources */,
				19AA4081141AA5C000BD421B /* CCVesselDetailSortingLineCell.m in Sources */,
				19AA4083141AA5C000BD421B /* CCTankLoadingController.m in Sources */,
				19AA4085141AA5C000BD421B /* CCVesselListSortingLineController.m in Sources */,
				19AA40BB141AA5E800BD421B /* CCSortingTable.m in Sources */,
				19AA40BC141AA5E800BD421B /* CCSortingTableActivity.m in Sources */,
				19AA40BD141AA5E800BD421B /* CCClient.m in Sources */,
				19AA40BE141AA5E800BD421B /* CCAssetReservation.m in Sources */,
				19AA40BF141AA5E800BD421B /* CCTask.m in Sources */,
				19AA40C0141AA5E800BD421B /* CCBOL.m in Sources */,
				19AA40C1141AA5E800BD421B /* CCSCP.m in Sources */,
				19AA40C2141AA5E800BD421B /* CCWeight.m in Sources */,
				19AA40C3141AA5E800BD421B /* CCDatabaseObject.m in Sources */,
				19AA40C4141AA5E800BD421B /* CCActivity.m in Sources */,
				19AA40C5141AA5E800BD421B /* CCWorkOrder.m in Sources */,
				19AA40C6141AA5E800BD421B /* CCBOLItem.m in Sources */,
				19AA40C7141AA5E800BD421B /* CCWT.m in Sources */,
				19AA40C8141AA5E800BD421B /* CCLot.m in Sources */,
				19AA40C9141AA5E800BD421B /* CCFacility.m in Sources */,
				19AA40CA141AA5E800BD421B /* CCTest.m in Sources */,
				19AA40CB141AA5E800BD421B /* CCLabTest.m in Sources */,
				19AA40CC141AA5E800BD421B /* CCBlend.m in Sources */,
				19AA40CD141AA5E800BD421B /* CCAsset.m in Sources */,
				19AA40CE141AA5E800BD421B /* CCVintage.m in Sources */,
				19AA40CF141AA5E800BD421B /* CCStructure.m in Sources */,
				19AA40D0141AA5E800BD421B /* CCValidLabTests.m in Sources */,
				19AA40D1141AA5E800BD421B /* CCFermProtocol.m in Sources */,
				19AA40D2141AA5E800BD421B /* CCVineyard.m in Sources */,
				19AA40D3141AA5E800BD421B /* CCWineStructure.m in Sources */,
				19AA40D4141AA5E800BD421B /* testLeaks.m in Sources */,
				19AA40DA141AA6C800BD421B /* CrushHelper.m in Sources */,
				19AA40DB141AA6C800BD421B /* CCIcons.m in Sources */,
				19AA40EA141AA6EE00BD421B /* NSObject+SBJSON.m in Sources */,
				19AA40EB141AA6EE00BD421B /* NSString+SBJSON.m in Sources */,
				19AA40EC141AA6EE00BD421B /* SBJSON.m in Sources */,
				19AA40ED141AA6EE00BD421B /* SBJsonBase.m in Sources */,
				19AA40EE141AA6EE00BD421B /* SBJsonParser.m in Sources */,
				19AA40EF141AA6EE00BD421B /* SBJsonWriter.m in Sources */,
				19AA40F3141AA79300BD421B /* cellarworxAppDelegate.m in Sources */,
				19AA40F8141AA81B00BD421B /* RootViewController.m in Sources */,
				19AA40F9141AA81B00BD421B /* DetailViewController.m in Sources */,
				19AA410A141AA93C00BD421B /* CC702.m in Sources */,
				19AA410B141AA93C00BD421B /* CC702Event.m in Sources */,
				19AA410C141AA93C00BD421B /* CC702Section.m in Sources */,
				19AA410D141AA93C00BD421B /* CC702SectionJuice.m in Sources */,
				19AA410E141AA93C00BD421B /* CC702SectionBulk.m in Sources */,
				19AA410F141AA93C00BD421B /* CC702SectionBottled.m in Sources */,
				19AA4110141AA93C00BD421B /* CC702Rollup.m in Sources */,
			);
			runOnlyForDeploymentPostprocessing = 0;
		};
/* End PBXSourcesBuildPhase section */

/* Begin PBXVariantGroup section */
		19AA3FDD141AA55300BD421B /* InfoPlist.strings */ = {
			isa = PBXVariantGroup;
			children = (
				19AA3FDE141AA55300BD421B /* en */,
			);
			name = InfoPlist.strings;
			sourceTree = "<group>";
		};
/* End PBXVariantGroup section */

/* Begin XCBuildConfiguration section */
		19AA3FE9141AA55300BD421B /* Debug */ = {
			isa = XCBuildConfiguration;
			buildSettings = {
				ALWAYS_SEARCH_USER_PATHS = NO;
				ARCHS = "$(ARCHS_STANDARD_32_BIT)";
				"CODE_SIGN_IDENTITY[sdk=iphoneos*]" = "iPhone Developer";
				COPY_PHASE_STRIP = NO;
				GCC_C_LANGUAGE_STANDARD = gnu99;
				GCC_DYNAMIC_NO_PIC = NO;
				GCC_OPTIMIZATION_LEVEL = 0;
				GCC_PREPROCESSOR_DEFINITIONS = (
					"DEBUG=1",
					"$(inherited)",
				);
				GCC_SYMBOLS_PRIVATE_EXTERN = NO;
				GCC_VERSION = com.apple.compilers.llvm.clang.1_0;
				GCC_WARN_ABOUT_MISSING_PROTOTYPES = YES;
				GCC_WARN_ABOUT_RETURN_TYPE = YES;
				GCC_WARN_UNUSED_VARIABLE = YES;
				IPHONEOS_DEPLOYMENT_TARGET = 5.0;
				SDKROOT = iphoneos;
				TARGETED_DEVICE_FAMILY = 2;
			};
			name = Debug;
		};
		19AA3FEA141AA55300BD421B /* Release */ = {
			isa = XCBuildConfiguration;
			buildSettings = {
				ALWAYS_SEARCH_USER_PATHS = NO;
				ARCHS = "$(ARCHS_STANDARD_32_BIT)";
				"CODE_SIGN_IDENTITY[sdk=iphoneos*]" = "iPhone Developer";
				COPY_PHASE_STRIP = YES;
				GCC_C_LANGUAGE_STANDARD = gnu99;
				GCC_VERSION = com.apple.compilers.llvm.clang.1_0;
				GCC_WARN_ABOUT_MISSING_PROTOTYPES = YES;
				GCC_WARN_ABOUT_RETURN_TYPE = YES;
				GCC_WARN_UNUSED_VARIABLE = YES;
				IPHONEOS_DEPLOYMENT_TARGET = 5.0;
				OTHER_CFLAGS = "-DNS_BLOCK_ASSERTIONS=1";
				SDKROOT = iphoneos;
				TARGETED_DEVICE_FAMILY = 2;
				VALIDATE_PRODUCT = YES;
			};
			name = Release;
		};
		19AA3FEC141AA55300BD421B /* Debug */ = {
			isa = XCBuildConfiguration;
			buildSettings = {
				GCC_PRECOMPILE_PREFIX_HEADER = YES;
				GCC_PREFIX_HEADER = "cellarworxCrushPad/cellarworxCrushPad-Prefix.pch";
				INFOPLIST_FILE = "cellarworxCrushPad/cellarworxCrushPad-Info.plist";
				IPHONEOS_DEPLOYMENT_TARGET = 4.2;
				PRODUCT_NAME = "$(TARGET_NAME)";
				WRAPPER_EXTENSION = app;
			};
			name = Debug;
		};
		19AA3FED141AA55300BD421B /* Release */ = {
			isa = XCBuildConfiguration;
			buildSettings = {
				GCC_PRECOMPILE_PREFIX_HEADER = YES;
				GCC_PREFIX_HEADER = "cellarworxCrushPad/cellarworxCrushPad-Prefix.pch";
				INFOPLIST_FILE = "cellarworxCrushPad/cellarworxCrushPad-Info.plist";
				IPHONEOS_DEPLOYMENT_TARGET = 4.2;
				PRODUCT_NAME = "$(TARGET_NAME)";
				WRAPPER_EXTENSION = app;
			};
			name = Release;
		};
/* End XCBuildConfiguration section */

/* Begin XCConfigurationList section */
		19AA3FC8141AA55000BD421B /* Build configuration list for PBXProject "cellarworxCrushPad" */ = {
			isa = XCConfigurationList;
			buildConfigurations = (
				19AA3FE9141AA55300BD421B /* Debug */,
				19AA3FEA141AA55300BD421B /* Release */,
			);
			defaultConfigurationIsVisible = 0;
			defaultConfigurationName = Release;
		};
		19AA3FEB141AA55300BD421B /* Build configuration list for PBXNativeTarget "cellarworxCrushPad" */ = {
			isa = XCConfigurationList;
			buildConfigurations = (
				19AA3FEC141AA55300BD421B /* Debug */,
				19AA3FED141AA55300BD421B /* Release */,
			);
			defaultConfigurationIsVisible = 0;
		};
/* End XCConfigurationList section */

/* Begin XCVersionGroup section */
		19AA3FE6141AA55300BD421B /* cellarworxCrushPad.xcdatamodeld */ = {
			isa = XCVersionGroup;
			children = (
				19AA3FE7141AA55300BD421B /* cellarworxCrushPad.xcdatamodel */,
			);
			currentVersion = 19AA3FE7141AA55300BD421B /* cellarworxCrushPad.xcdatamodel */;
			path = cellarworxCrushPad.xcdatamodeld;
			sourceTree = "<group>";
			versionGroupType = wrapper.xcdatamodel;
		};
/* End XCVersionGroup section */
	};
	rootObject = 19AA3FC5141AA55000BD421B /* Project object */;
}
